
Microsoft Visual Studio Solution File, Format Version 12.00
# Visual Studio 15
VisualStudioVersion = 15.0.28010.2046
MinimumVisualStudioVersion = 10.0.40219.1
Project("{FAE04EC0-301F-11D3-BF4B-00C04F79EFBC}") = "01. Personal Titles", "01. Personal Titles\01. Personal Titles.csproj", "{85F651A4-8D9C-40B2-929C-AD5CBA6C1C30}"
EndProject
Project("{FAE04EC0-301F-11D3-BF4B-00C04F79EFBC}") = "02. Small Shop", "02. Small Shop\02. Small Shop.csproj", "{6B6D3D33-780A-4EF4-9D08-2AF300F0649E}"
EndProject
Project("{FAE04EC0-301F-11D3-BF4B-00C04F79EFBC}") = "03. Point in Rectangle", "03. Point in Rectangle\03. Point in Rectangle.csproj", "{6316FC36-E8CB-47A7-8E73-34F9C0EDCF52}"
EndProject
Project("{FAE04EC0-301F-11D3-BF4B-00C04F79EFBC}") = "04. Fruit or Vegetable", "04. Fruit or Vegetable\04. Fruit or Vegetable.csproj", "{332E7F1B-1739-41E6-B539-B15AB9CAC558}"
EndProject
Project("{FAE04EC0-301F-11D3-BF4B-00C04F79EFBC}") = "05. Invalid Number", "05. Invalid Number\05. Invalid Number.csproj", "{7D62BDFF-6B75-4FDD-927A-FADB3214A4B2}"
EndProject
Project("{FAE04EC0-301F-11D3-BF4B-00C04F79EFBC}") = "06. Fruit Shop", "06. Fruit Shop\06. Fruit Shop.csproj", "{7F9E8C19-22EA-4DAC-B7BE-9E7C18BD8C4A}"
EndProject
Project("{FAE04EC0-301F-11D3-BF4B-00C04F79EFBC}") = "07. Trade Comissions", "07. Trade Comissions\07. Trade Comissions.csproj", "{55451ADC-A684-4AFB-A500-6B40B6A640A3}"
EndProject
Project("{FAE04EC0-301F-11D3-BF4B-00C04F79EFBC}") = "08. Day of Week", "08. Day of Week\08. Day of Week.csproj", "{CD29DB1F-C8DC-40B3-AE81-7BEBB82A773E}"
EndProject
Project("{FAE04EC0-301F-11D3-BF4B-00C04F79EFBC}") = "09. Animal Type", "09. Animal Type\09. Animal Type.csproj", "{BF577F33-14A0-43F1-99A1-C6CAA7F3DD23}"
EndProject
Project("{FAE04EC0-301F-11D3-BF4B-00C04F79EFBC}") = "10. Match Tickets", "10. Match Tickets\10. Match Tickets.csproj", "{75B8DA35-EA76-4F9E-BC71-29967F5B3490}"
EndProject
Global
	GlobalSection(SolutionConfigurationPlatforms) = preSolution
		Debug|Any CPU = Debug|Any CPU
		Release|Any CPU = Release|Any CPU
	EndGlobalSection
	GlobalSection(ProjectConfigurationPlatforms) = postSolution
		{85F651A4-8D9C-40B2-929C-AD5CBA6C1C30}.Debug|Any CPU.ActiveCfg = Debug|Any CPU
		{85F651A4-8D9C-40B2-929C-AD5CBA6C1C30}.Debug|Any CPU.Build.0 = Debug|Any CPU
		{85F651A4-8D9C-40B2-929C-AD5CBA6C1C30}.Release|Any CPU.ActiveCfg = Release|Any CPU
		{85F651A4-8D9C-40B2-929C-AD5CBA6C1C30}.Release|Any CPU.Build.0 = Release|Any CPU
		{6B6D3D33-780A-4EF4-9D08-2AF300F0649E}.Debug|Any CPU.ActiveCfg = Debug|Any CPU
		{6B6D3D33-780A-4EF4-9D08-2AF300F0649E}.Debug|Any CPU.Build.0 = Debug|Any CPU
		{6B6D3D33-780A-4EF4-9D08-2AF300F0649E}.Release|Any CPU.ActiveCfg = Release|Any CPU
		{6B6D3D33-780A-4EF4-9D08-2AF300F0649E}.Release|Any CPU.Build.0 = Release|Any CPU
		{6316FC36-E8CB-47A7-8E73-34F9C0EDCF52}.Debug|Any CPU.ActiveCfg = Debug|Any CPU
		{6316FC36-E8CB-47A7-8E73-34F9C0EDCF52}.Debug|Any CPU.Build.0 = Debug|Any CPU
		{6316FC36-E8CB-47A7-8E73-34F9C0EDCF52}.Release|Any CPU.ActiveCfg = Release|Any CPU
		{6316FC36-E8CB-47A7-8E73-34F9C0EDCF52}.Release|Any CPU.Build.0 = Release|Any CPU
		{332E7F1B-1739-41E6-B539-B15AB9CAC558}.Debug|Any CPU.ActiveCfg = Debug|Any CPU
		{332E7F1B-1739-41E6-B539-B15AB9CAC558}.Debug|Any CPU.Build.0 = Debug|Any CPU
		{332E7F1B-1739-41E6-B539-B15AB9CAC558}.Release|Any CPU.ActiveCfg = Release|Any CPU
		{332E7F1B-1739-41E6-B539-B15AB9CAC558}.Release|Any CPU.Build.0 = Release|Any CPU
		{7D62BDFF-6B75-4FDD-927A-FADB3214A4B2}.Debug|Any CPU.ActiveCfg = Debug|Any CPU
		{7D62BDFF-6B75-4FDD-927A-FADB3214A4B2}.Debug|Any CPU.Build.0 = Debug|Any CPU
		{7D62BDFF-6B75-4FDD-927A-FADB3214A4B2}.Release|Any CPU.ActiveCfg = Release|Any CPU
		{7D62BDFF-6B75-4FDD-927A-FADB3214A4B2}.Release|Any CPU.Build.0 = Release|Any CPU
		{7F9E8C19-22EA-4DAC-B7BE-9E7C18BD8C4A}.Debug|Any CPU.ActiveCfg = Debug|Any CPU
		{7F9E8C19-22EA-4DAC-B7BE-9E7C18BD8C4A}.Debug|Any CPU.Build.0 = Debug|Any CPU
		{7F9E8C19-22EA-4DAC-B7BE-9E7C18BD8C4A}.Release|Any CPU.ActiveCfg = Release|Any CPU
		{7F9E8C19-22EA-4DAC-B7BE-9E7C18BD8C4A}.Release|Any CPU.Build.0 = Release|Any CPU
		{55451ADC-A684-4AFB-A500-6B40B6A640A3}.Debug|Any CPU.ActiveCfg = Debug|Any CPU
		{55451ADC-A684-4AFB-A500-6B40B6A640A3}.Debug|Any CPU.Build.0 = Debug|Any CPU
		{55451ADC-A684-4AFB-A500-6B40B6A640A3}.Release|Any CPU.ActiveCfg = Release|Any CPU
		{55451ADC-A684-4AFB-A500-6B40B6A640A3}.Release|Any CPU.Build.0 = Release|Any CPU
		{CD29DB1F-C8DC-40B3-AE81-7BEBB82A773E}.Debug|Any CPU.ActiveCfg = Debug|Any CPU
		{CD29DB1F-C8DC-40B3-AE81-7BEBB82A773E}.Debug|Any CPU.Build.0 = Debug|Any CPU
		{CD29DB1F-C8DC-40B3-AE81-7BEBB82A773E}.Release|Any CPU.ActiveCfg = Release|Any CPU
		{CD29DB1F-C8DC-40B3-AE81-7BEBB82A773E}.Release|Any CPU.Build.0 = Release|Any CPU
		{BF577F33-14A0-43F1-99A1-C6CAA7F3DD23}.Debug|Any CPU.ActiveCfg = Debug|Any CPU
		{BF577F33-14A0-43F1-99A1-C6CAA7F3DD23}.Debug|Any CPU.Build.0 = Debug|Any CPU
		{BF577F33-14A0-43F1-99A1-C6CAA7F3DD23}.Release|Any CPU.ActiveCfg = Release|Any CPU
		{BF577F33-14A0-43F1-99A1-C6CAA7F3DD23}.Release|Any CPU.Build.0 = Release|Any CPU
		{75B8DA35-EA76-4F9E-BC71-29967F5B3490}.Debug|Any CPU.ActiveCfg = Debug|Any CPU
		{75B8DA35-EA76-4F9E-BC71-29967F5B3490}.Debug|Any CPU.Build.0 = Debug|Any CPU
		{75B8DA35-EA76-4F9E-BC71-29967F5B3490}.Release|Any CPU.ActiveCfg = Release|Any CPU
		{75B8DA35-EA76-4F9E-BC71-29967F5B3490}.Release|Any CPU.Build.0 = Release|Any CPU
	EndGlobalSection
	GlobalSection(SolutionProperties) = preSolution
		HideSolutionNode = FALSE
	EndGlobalSection
	GlobalSection(ExtensibilityGlobals) = postSolution
		SolutionGuid = {8FFF8274-85FC-467A-AA95-12E61BBB5B87}
	EndGlobalSection
EndGlobal
