
Microsoft Visual Studio Solution File, Format Version 12.00
# Visual Studio 15
VisualStudioVersion = 15.0.28010.2046
MinimumVisualStudioVersion = 10.0.40219.1
Project("{FAE04EC0-301F-11D3-BF4B-00C04F79EFBC}") = "01. Point on Rectangle Border", "01. Point on Rectangle Border\01. Point on Rectangle Border.csproj", "{7F243B04-A21F-4625-8BE4-4E763677700D}"
EndProject
Project("{FAE04EC0-301F-11D3-BF4B-00C04F79EFBC}") = "02. Cinema", "02. Cinema\02. Cinema.csproj", "{4FEEDDB4-0082-44D4-8FED-F7FBC5F23706}"
EndProject
Project("{FAE04EC0-301F-11D3-BF4B-00C04F79EFBC}") = "03. Volleyball", "03. Volleyball\03. Volleyball.csproj", "{5495A58F-3702-4729-A790-315B69934758}"
EndProject
Project("{FAE04EC0-301F-11D3-BF4B-00C04F79EFBC}") = "04. Summer Outfit", "04. Summer Outfit\04. Summer Outfit.csproj", "{4DCC441E-985E-494A-B9DF-8C85A159A22A}"
EndProject
Project("{FAE04EC0-301F-11D3-BF4B-00C04F79EFBC}") = "05. New House", "05. New House\05. New House.csproj", "{60530267-077F-405F-B160-D989874832F0}"
EndProject
Project("{FAE04EC0-301F-11D3-BF4B-00C04F79EFBC}") = "06. Fishing Boat", "06. Fishing Boat\06. Fishing Boat.csproj", "{B69EF36B-A5EA-4B94-9F2C-629C1928E8C2}"
EndProject
Project("{FAE04EC0-301F-11D3-BF4B-00C04F79EFBC}") = "07. On Time for the Exam", "07. On Time for the Exam\07. On Time for the Exam.csproj", "{1E307318-2D0B-45B7-B952-B31D926F3E89}"
EndProject
Project("{FAE04EC0-301F-11D3-BF4B-00C04F79EFBC}") = "08. Journey", "08. Journey\08. Journey.csproj", "{7C1F09A5-C61B-4D84-B2D3-16541D0E294E}"
EndProject
Project("{FAE04EC0-301F-11D3-BF4B-00C04F79EFBC}") = "09. Operations Between Numbers", "09. Operations Between Numbers\09. Operations Between Numbers.csproj", "{91B4C064-1BBD-40C3-A91F-7A4BBBC6DA1D}"
EndProject
Project("{FAE04EC0-301F-11D3-BF4B-00C04F79EFBC}") = "10. Hotel Room", "10. Hotel Room\10. Hotel Room.csproj", "{879C3EE4-1940-4172-8EBF-F3AA03E6B43D}"
EndProject
Global
	GlobalSection(SolutionConfigurationPlatforms) = preSolution
		Debug|Any CPU = Debug|Any CPU
		Release|Any CPU = Release|Any CPU
	EndGlobalSection
	GlobalSection(ProjectConfigurationPlatforms) = postSolution
		{7F243B04-A21F-4625-8BE4-4E763677700D}.Debug|Any CPU.ActiveCfg = Debug|Any CPU
		{7F243B04-A21F-4625-8BE4-4E763677700D}.Debug|Any CPU.Build.0 = Debug|Any CPU
		{7F243B04-A21F-4625-8BE4-4E763677700D}.Release|Any CPU.ActiveCfg = Release|Any CPU
		{7F243B04-A21F-4625-8BE4-4E763677700D}.Release|Any CPU.Build.0 = Release|Any CPU
		{4FEEDDB4-0082-44D4-8FED-F7FBC5F23706}.Debug|Any CPU.ActiveCfg = Debug|Any CPU
		{4FEEDDB4-0082-44D4-8FED-F7FBC5F23706}.Debug|Any CPU.Build.0 = Debug|Any CPU
		{4FEEDDB4-0082-44D4-8FED-F7FBC5F23706}.Release|Any CPU.ActiveCfg = Release|Any CPU
		{4FEEDDB4-0082-44D4-8FED-F7FBC5F23706}.Release|Any CPU.Build.0 = Release|Any CPU
		{5495A58F-3702-4729-A790-315B69934758}.Debug|Any CPU.ActiveCfg = Debug|Any CPU
		{5495A58F-3702-4729-A790-315B69934758}.Debug|Any CPU.Build.0 = Debug|Any CPU
		{5495A58F-3702-4729-A790-315B69934758}.Release|Any CPU.ActiveCfg = Release|Any CPU
		{5495A58F-3702-4729-A790-315B69934758}.Release|Any CPU.Build.0 = Release|Any CPU
		{4DCC441E-985E-494A-B9DF-8C85A159A22A}.Debug|Any CPU.ActiveCfg = Debug|Any CPU
		{4DCC441E-985E-494A-B9DF-8C85A159A22A}.Debug|Any CPU.Build.0 = Debug|Any CPU
		{4DCC441E-985E-494A-B9DF-8C85A159A22A}.Release|Any CPU.ActiveCfg = Release|Any CPU
		{4DCC441E-985E-494A-B9DF-8C85A159A22A}.Release|Any CPU.Build.0 = Release|Any CPU
		{60530267-077F-405F-B160-D989874832F0}.Debug|Any CPU.ActiveCfg = Debug|Any CPU
		{60530267-077F-405F-B160-D989874832F0}.Debug|Any CPU.Build.0 = Debug|Any CPU
		{60530267-077F-405F-B160-D989874832F0}.Release|Any CPU.ActiveCfg = Release|Any CPU
		{60530267-077F-405F-B160-D989874832F0}.Release|Any CPU.Build.0 = Release|Any CPU
		{B69EF36B-A5EA-4B94-9F2C-629C1928E8C2}.Debug|Any CPU.ActiveCfg = Debug|Any CPU
		{B69EF36B-A5EA-4B94-9F2C-629C1928E8C2}.Debug|Any CPU.Build.0 = Debug|Any CPU
		{B69EF36B-A5EA-4B94-9F2C-629C1928E8C2}.Release|Any CPU.ActiveCfg = Release|Any CPU
		{B69EF36B-A5EA-4B94-9F2C-629C1928E8C2}.Release|Any CPU.Build.0 = Release|Any CPU
		{1E307318-2D0B-45B7-B952-B31D926F3E89}.Debug|Any CPU.ActiveCfg = Debug|Any CPU
		{1E307318-2D0B-45B7-B952-B31D926F3E89}.Debug|Any CPU.Build.0 = Debug|Any CPU
		{1E307318-2D0B-45B7-B952-B31D926F3E89}.Release|Any CPU.ActiveCfg = Release|Any CPU
		{1E307318-2D0B-45B7-B952-B31D926F3E89}.Release|Any CPU.Build.0 = Release|Any CPU
		{7C1F09A5-C61B-4D84-B2D3-16541D0E294E}.Debug|Any CPU.ActiveCfg = Debug|Any CPU
		{7C1F09A5-C61B-4D84-B2D3-16541D0E294E}.Debug|Any CPU.Build.0 = Debug|Any CPU
		{7C1F09A5-C61B-4D84-B2D3-16541D0E294E}.Release|Any CPU.ActiveCfg = Release|Any CPU
		{7C1F09A5-C61B-4D84-B2D3-16541D0E294E}.Release|Any CPU.Build.0 = Release|Any CPU
		{91B4C064-1BBD-40C3-A91F-7A4BBBC6DA1D}.Debug|Any CPU.ActiveCfg = Debug|Any CPU
		{91B4C064-1BBD-40C3-A91F-7A4BBBC6DA1D}.Debug|Any CPU.Build.0 = Debug|Any CPU
		{91B4C064-1BBD-40C3-A91F-7A4BBBC6DA1D}.Release|Any CPU.ActiveCfg = Release|Any CPU
		{91B4C064-1BBD-40C3-A91F-7A4BBBC6DA1D}.Release|Any CPU.Build.0 = Release|Any CPU
		{879C3EE4-1940-4172-8EBF-F3AA03E6B43D}.Debug|Any CPU.ActiveCfg = Debug|Any CPU
		{879C3EE4-1940-4172-8EBF-F3AA03E6B43D}.Debug|Any CPU.Build.0 = Debug|Any CPU
		{879C3EE4-1940-4172-8EBF-F3AA03E6B43D}.Release|Any CPU.ActiveCfg = Release|Any CPU
		{879C3EE4-1940-4172-8EBF-F3AA03E6B43D}.Release|Any CPU.Build.0 = Release|Any CPU
	EndGlobalSection
	GlobalSection(SolutionProperties) = preSolution
		HideSolutionNode = FALSE
	EndGlobalSection
	GlobalSection(ExtensibilityGlobals) = postSolution
		SolutionGuid = {29D51FED-E631-4CA6-A195-6CF82CFACDA4}
	EndGlobalSection
EndGlobal
