
Microsoft Visual Studio Solution File, Format Version 12.00
# Visual Studio 15
VisualStudioVersion = 15.0.28307.329
MinimumVisualStudioVersion = 10.0.40219.1
Project("{FAE04EC0-301F-11D3-BF4B-00C04F79EFBC}") = "01. The Hunting Games", "01. The Hunting Games\01. The Hunting Games.csproj", "{67E414EE-C252-423F-9897-5C1AB44D7374}"
EndProject
Project("{FAE04EC0-301F-11D3-BF4B-00C04F79EFBC}") = "02. Seize the Fire", "02. Seize the Fire\02. Seize the Fire.csproj", "{1BB416D0-9844-4758-B9B9-D2A204F22EA3}"
EndProject
Project("{FAE04EC0-301F-11D3-BF4B-00C04F79EFBC}") = "03. The Final Quest", "03. The Final Quest\03. The Final Quest.csproj", "{9B289C59-1144-483E-AD6F-F021794EB722}"
EndProject
Global
	GlobalSection(SolutionConfigurationPlatforms) = preSolution
		Debug|Any CPU = Debug|Any CPU
		Release|Any CPU = Release|Any CPU
	EndGlobalSection
	GlobalSection(ProjectConfigurationPlatforms) = postSolution
		{67E414EE-C252-423F-9897-5C1AB44D7374}.Debug|Any CPU.ActiveCfg = Debug|Any CPU
		{67E414EE-C252-423F-9897-5C1AB44D7374}.Debug|Any CPU.Build.0 = Debug|Any CPU
		{67E414EE-C252-423F-9897-5C1AB44D7374}.Release|Any CPU.ActiveCfg = Release|Any CPU
		{67E414EE-C252-423F-9897-5C1AB44D7374}.Release|Any CPU.Build.0 = Release|Any CPU
		{1BB416D0-9844-4758-B9B9-D2A204F22EA3}.Debug|Any CPU.ActiveCfg = Debug|Any CPU
		{1BB416D0-9844-4758-B9B9-D2A204F22EA3}.Debug|Any CPU.Build.0 = Debug|Any CPU
		{1BB416D0-9844-4758-B9B9-D2A204F22EA3}.Release|Any CPU.ActiveCfg = Release|Any CPU
		{1BB416D0-9844-4758-B9B9-D2A204F22EA3}.Release|Any CPU.Build.0 = Release|Any CPU
		{9B289C59-1144-483E-AD6F-F021794EB722}.Debug|Any CPU.ActiveCfg = Debug|Any CPU
		{9B289C59-1144-483E-AD6F-F021794EB722}.Debug|Any CPU.Build.0 = Debug|Any CPU
		{9B289C59-1144-483E-AD6F-F021794EB722}.Release|Any CPU.ActiveCfg = Release|Any CPU
		{9B289C59-1144-483E-AD6F-F021794EB722}.Release|Any CPU.Build.0 = Release|Any CPU
	EndGlobalSection
	GlobalSection(SolutionProperties) = preSolution
		HideSolutionNode = FALSE
	EndGlobalSection
	GlobalSection(ExtensibilityGlobals) = postSolution
		SolutionGuid = {92E8C84C-8DF2-46BA-8984-0E197E4CC314}
	EndGlobalSection
EndGlobal
