
Microsoft Visual Studio Solution File, Format Version 12.00
# Visual Studio 15
VisualStudioVersion = 15.0.28307.329
MinimumVisualStudioVersion = 10.0.40219.1
Project("{FAE04EC0-301F-11D3-BF4B-00C04F79EFBC}") = "01. Sign of Integer Numbers", "01. Sign of Integer Numbers\01. Sign of Integer Numbers.csproj", "{556B6A45-61A2-45C0-BADE-793E114EABFB}"
EndProject
Project("{FAE04EC0-301F-11D3-BF4B-00C04F79EFBC}") = "02. Grades", "02. Grades\02. Grades.csproj", "{29121155-8FB0-49E1-9DF0-C161308DF160}"
EndProject
Project("{FAE04EC0-301F-11D3-BF4B-00C04F79EFBC}") = "03. Calculations", "03. Calculations\03. Calculations.csproj", "{A8D895AB-179F-44C8-B0AF-33FB03EB9526}"
EndProject
Project("{FAE04EC0-301F-11D3-BF4B-00C04F79EFBC}") = "04. Printing Triangle", "04. Printing Triangle\04. Printing Triangle.csproj", "{F2BF8C09-C4CD-4975-A03B-A47A2B962C53}"
EndProject
Project("{FAE04EC0-301F-11D3-BF4B-00C04F79EFBC}") = "05. Orders", "05. Orders\05. Orders.csproj", "{227E6A04-0C03-48A0-8704-73516AAD4E82}"
EndProject
Project("{FAE04EC0-301F-11D3-BF4B-00C04F79EFBC}") = "06. Calculate Rectangle Area", "06. Calculate Rectangle Area\06. Calculate Rectangle Area.csproj", "{50EAE8E4-61F3-4CAF-ACAF-E9DCBAD35E55}"
EndProject
Project("{FAE04EC0-301F-11D3-BF4B-00C04F79EFBC}") = "07. Repeat String", "07. Repeat String\07. Repeat String.csproj", "{23FA2058-2293-4FA5-B7A4-98197FA6BBA9}"
EndProject
Project("{FAE04EC0-301F-11D3-BF4B-00C04F79EFBC}") = "08. Math Power", "08. Math Power\08. Math Power.csproj", "{AE0312E9-9A35-4314-BE5C-92DF8E90F7CC}"
EndProject
Project("{FAE04EC0-301F-11D3-BF4B-00C04F79EFBC}") = "09. Greater of Two Values", "09. Greater of Two Values\09. Greater of Two Values.csproj", "{6CF4D3A9-7B70-4961-A4D8-E509FE614CEB}"
EndProject
Project("{FAE04EC0-301F-11D3-BF4B-00C04F79EFBC}") = "10. Multiply Evens by Odds", "10. Multiply Evens by Odds\10. Multiply Evens by Odds.csproj", "{ACCE5584-6047-4FF1-883B-B952CE1F69FD}"
EndProject
Project("{FAE04EC0-301F-11D3-BF4B-00C04F79EFBC}") = "11. Math operations", "11. Math operations\11. Math operations.csproj", "{E64F4D41-97F4-4381-B78E-855571BADC86}"
EndProject
Global
	GlobalSection(SolutionConfigurationPlatforms) = preSolution
		Debug|Any CPU = Debug|Any CPU
		Release|Any CPU = Release|Any CPU
	EndGlobalSection
	GlobalSection(ProjectConfigurationPlatforms) = postSolution
		{556B6A45-61A2-45C0-BADE-793E114EABFB}.Debug|Any CPU.ActiveCfg = Debug|Any CPU
		{556B6A45-61A2-45C0-BADE-793E114EABFB}.Debug|Any CPU.Build.0 = Debug|Any CPU
		{556B6A45-61A2-45C0-BADE-793E114EABFB}.Release|Any CPU.ActiveCfg = Release|Any CPU
		{556B6A45-61A2-45C0-BADE-793E114EABFB}.Release|Any CPU.Build.0 = Release|Any CPU
		{29121155-8FB0-49E1-9DF0-C161308DF160}.Debug|Any CPU.ActiveCfg = Debug|Any CPU
		{29121155-8FB0-49E1-9DF0-C161308DF160}.Debug|Any CPU.Build.0 = Debug|Any CPU
		{29121155-8FB0-49E1-9DF0-C161308DF160}.Release|Any CPU.ActiveCfg = Release|Any CPU
		{29121155-8FB0-49E1-9DF0-C161308DF160}.Release|Any CPU.Build.0 = Release|Any CPU
		{A8D895AB-179F-44C8-B0AF-33FB03EB9526}.Debug|Any CPU.ActiveCfg = Debug|Any CPU
		{A8D895AB-179F-44C8-B0AF-33FB03EB9526}.Debug|Any CPU.Build.0 = Debug|Any CPU
		{A8D895AB-179F-44C8-B0AF-33FB03EB9526}.Release|Any CPU.ActiveCfg = Release|Any CPU
		{A8D895AB-179F-44C8-B0AF-33FB03EB9526}.Release|Any CPU.Build.0 = Release|Any CPU
		{F2BF8C09-C4CD-4975-A03B-A47A2B962C53}.Debug|Any CPU.ActiveCfg = Debug|Any CPU
		{F2BF8C09-C4CD-4975-A03B-A47A2B962C53}.Debug|Any CPU.Build.0 = Debug|Any CPU
		{F2BF8C09-C4CD-4975-A03B-A47A2B962C53}.Release|Any CPU.ActiveCfg = Release|Any CPU
		{F2BF8C09-C4CD-4975-A03B-A47A2B962C53}.Release|Any CPU.Build.0 = Release|Any CPU
		{227E6A04-0C03-48A0-8704-73516AAD4E82}.Debug|Any CPU.ActiveCfg = Debug|Any CPU
		{227E6A04-0C03-48A0-8704-73516AAD4E82}.Debug|Any CPU.Build.0 = Debug|Any CPU
		{227E6A04-0C03-48A0-8704-73516AAD4E82}.Release|Any CPU.ActiveCfg = Release|Any CPU
		{227E6A04-0C03-48A0-8704-73516AAD4E82}.Release|Any CPU.Build.0 = Release|Any CPU
		{50EAE8E4-61F3-4CAF-ACAF-E9DCBAD35E55}.Debug|Any CPU.ActiveCfg = Debug|Any CPU
		{50EAE8E4-61F3-4CAF-ACAF-E9DCBAD35E55}.Debug|Any CPU.Build.0 = Debug|Any CPU
		{50EAE8E4-61F3-4CAF-ACAF-E9DCBAD35E55}.Release|Any CPU.ActiveCfg = Release|Any CPU
		{50EAE8E4-61F3-4CAF-ACAF-E9DCBAD35E55}.Release|Any CPU.Build.0 = Release|Any CPU
		{23FA2058-2293-4FA5-B7A4-98197FA6BBA9}.Debug|Any CPU.ActiveCfg = Debug|Any CPU
		{23FA2058-2293-4FA5-B7A4-98197FA6BBA9}.Debug|Any CPU.Build.0 = Debug|Any CPU
		{23FA2058-2293-4FA5-B7A4-98197FA6BBA9}.Release|Any CPU.ActiveCfg = Release|Any CPU
		{23FA2058-2293-4FA5-B7A4-98197FA6BBA9}.Release|Any CPU.Build.0 = Release|Any CPU
		{AE0312E9-9A35-4314-BE5C-92DF8E90F7CC}.Debug|Any CPU.ActiveCfg = Debug|Any CPU
		{AE0312E9-9A35-4314-BE5C-92DF8E90F7CC}.Debug|Any CPU.Build.0 = Debug|Any CPU
		{AE0312E9-9A35-4314-BE5C-92DF8E90F7CC}.Release|Any CPU.ActiveCfg = Release|Any CPU
		{AE0312E9-9A35-4314-BE5C-92DF8E90F7CC}.Release|Any CPU.Build.0 = Release|Any CPU
		{6CF4D3A9-7B70-4961-A4D8-E509FE614CEB}.Debug|Any CPU.ActiveCfg = Debug|Any CPU
		{6CF4D3A9-7B70-4961-A4D8-E509FE614CEB}.Debug|Any CPU.Build.0 = Debug|Any CPU
		{6CF4D3A9-7B70-4961-A4D8-E509FE614CEB}.Release|Any CPU.ActiveCfg = Release|Any CPU
		{6CF4D3A9-7B70-4961-A4D8-E509FE614CEB}.Release|Any CPU.Build.0 = Release|Any CPU
		{ACCE5584-6047-4FF1-883B-B952CE1F69FD}.Debug|Any CPU.ActiveCfg = Debug|Any CPU
		{ACCE5584-6047-4FF1-883B-B952CE1F69FD}.Debug|Any CPU.Build.0 = Debug|Any CPU
		{ACCE5584-6047-4FF1-883B-B952CE1F69FD}.Release|Any CPU.ActiveCfg = Release|Any CPU
		{ACCE5584-6047-4FF1-883B-B952CE1F69FD}.Release|Any CPU.Build.0 = Release|Any CPU
		{E64F4D41-97F4-4381-B78E-855571BADC86}.Debug|Any CPU.ActiveCfg = Debug|Any CPU
		{E64F4D41-97F4-4381-B78E-855571BADC86}.Debug|Any CPU.Build.0 = Debug|Any CPU
		{E64F4D41-97F4-4381-B78E-855571BADC86}.Release|Any CPU.ActiveCfg = Release|Any CPU
		{E64F4D41-97F4-4381-B78E-855571BADC86}.Release|Any CPU.Build.0 = Release|Any CPU
	EndGlobalSection
	GlobalSection(SolutionProperties) = preSolution
		HideSolutionNode = FALSE
	EndGlobalSection
	GlobalSection(ExtensibilityGlobals) = postSolution
		SolutionGuid = {5837663F-A03C-4F7D-B5AD-AB3EF7972BD3}
	EndGlobalSection
EndGlobal
