
Microsoft Visual Studio Solution File, Format Version 12.00
# Visual Studio 15
VisualStudioVersion = 15.0.28307.106
MinimumVisualStudioVersion = 10.0.40219.1
Project("{FAE04EC0-301F-11D3-BF4B-00C04F79EFBC}") = "01", "01.\01.csproj", "{214D0D06-F39D-477A-912E-36E247D10A8B}"
EndProject
Project("{FAE04EC0-301F-11D3-BF4B-00C04F79EFBC}") = "02", "02\02.csproj", "{A9969B2D-1A38-4A58-AFBF-C214E02D078D}"
EndProject
Project("{FAE04EC0-301F-11D3-BF4B-00C04F79EFBC}") = "03", "03\03.csproj", "{A1934D39-8946-479D-A229-178CC99EBAAF}"
EndProject
Project("{FAE04EC0-301F-11D3-BF4B-00C04F79EFBC}") = "04", "04\04.csproj", "{E307BCCC-2BF9-4AF4-911A-917124FAC0F2}"
EndProject
Project("{FAE04EC0-301F-11D3-BF4B-00C04F79EFBC}") = "05", "05\05.csproj", "{DA43E030-6419-44B4-9EEF-CEC8A1960153}"
EndProject
Project("{FAE04EC0-301F-11D3-BF4B-00C04F79EFBC}") = "06", "06\06.csproj", "{EFC5E8B8-3735-4E8D-A0CC-07D111766241}"
EndProject
Global
	GlobalSection(SolutionConfigurationPlatforms) = preSolution
		Debug|Any CPU = Debug|Any CPU
		Release|Any CPU = Release|Any CPU
	EndGlobalSection
	GlobalSection(ProjectConfigurationPlatforms) = postSolution
		{214D0D06-F39D-477A-912E-36E247D10A8B}.Debug|Any CPU.ActiveCfg = Debug|Any CPU
		{214D0D06-F39D-477A-912E-36E247D10A8B}.Debug|Any CPU.Build.0 = Debug|Any CPU
		{214D0D06-F39D-477A-912E-36E247D10A8B}.Release|Any CPU.ActiveCfg = Release|Any CPU
		{214D0D06-F39D-477A-912E-36E247D10A8B}.Release|Any CPU.Build.0 = Release|Any CPU
		{A9969B2D-1A38-4A58-AFBF-C214E02D078D}.Debug|Any CPU.ActiveCfg = Debug|Any CPU
		{A9969B2D-1A38-4A58-AFBF-C214E02D078D}.Debug|Any CPU.Build.0 = Debug|Any CPU
		{A9969B2D-1A38-4A58-AFBF-C214E02D078D}.Release|Any CPU.ActiveCfg = Release|Any CPU
		{A9969B2D-1A38-4A58-AFBF-C214E02D078D}.Release|Any CPU.Build.0 = Release|Any CPU
		{A1934D39-8946-479D-A229-178CC99EBAAF}.Debug|Any CPU.ActiveCfg = Debug|Any CPU
		{A1934D39-8946-479D-A229-178CC99EBAAF}.Debug|Any CPU.Build.0 = Debug|Any CPU
		{A1934D39-8946-479D-A229-178CC99EBAAF}.Release|Any CPU.ActiveCfg = Release|Any CPU
		{A1934D39-8946-479D-A229-178CC99EBAAF}.Release|Any CPU.Build.0 = Release|Any CPU
		{E307BCCC-2BF9-4AF4-911A-917124FAC0F2}.Debug|Any CPU.ActiveCfg = Debug|Any CPU
		{E307BCCC-2BF9-4AF4-911A-917124FAC0F2}.Debug|Any CPU.Build.0 = Debug|Any CPU
		{E307BCCC-2BF9-4AF4-911A-917124FAC0F2}.Release|Any CPU.ActiveCfg = Release|Any CPU
		{E307BCCC-2BF9-4AF4-911A-917124FAC0F2}.Release|Any CPU.Build.0 = Release|Any CPU
		{DA43E030-6419-44B4-9EEF-CEC8A1960153}.Debug|Any CPU.ActiveCfg = Debug|Any CPU
		{DA43E030-6419-44B4-9EEF-CEC8A1960153}.Debug|Any CPU.Build.0 = Debug|Any CPU
		{DA43E030-6419-44B4-9EEF-CEC8A1960153}.Release|Any CPU.ActiveCfg = Release|Any CPU
		{DA43E030-6419-44B4-9EEF-CEC8A1960153}.Release|Any CPU.Build.0 = Release|Any CPU
		{EFC5E8B8-3735-4E8D-A0CC-07D111766241}.Debug|Any CPU.ActiveCfg = Debug|Any CPU
		{EFC5E8B8-3735-4E8D-A0CC-07D111766241}.Debug|Any CPU.Build.0 = Debug|Any CPU
		{EFC5E8B8-3735-4E8D-A0CC-07D111766241}.Release|Any CPU.ActiveCfg = Release|Any CPU
		{EFC5E8B8-3735-4E8D-A0CC-07D111766241}.Release|Any CPU.Build.0 = Release|Any CPU
	EndGlobalSection
	GlobalSection(SolutionProperties) = preSolution
		HideSolutionNode = FALSE
	EndGlobalSection
	GlobalSection(ExtensibilityGlobals) = postSolution
		SolutionGuid = {F6CFC2B4-4680-4598-B2FC-AA566B8DCA04}
	EndGlobalSection
EndGlobal
