
Microsoft Visual Studio Solution File, Format Version 12.00
# Visual Studio 15
VisualStudioVersion = 15.0.28010.2046
MinimumVisualStudioVersion = 10.0.40219.1
Project("{FAE04EC0-301F-11D3-BF4B-00C04F79EFBC}") = "01. Numbers N to 1", "01. Numbers N to 1\01. Numbers N to 1.csproj", "{9BC69E14-30FE-410F-B852-03E52845C917}"
EndProject
Project("{FAE04EC0-301F-11D3-BF4B-00C04F79EFBC}") = "02. Numbers 1 to N with Step 3", "02. Numbers 1 to N with Step 3\02. Numbers 1 to N with Step 3.csproj", "{730337AA-3539-45CD-9F83-FBC6E51F939B}"
EndProject
Project("{FAE04EC0-301F-11D3-BF4B-00C04F79EFBC}") = "03. Even Powers of 2", "03. Even Powers of 2\03. Even Powers of 2.csproj", "{D578C998-4D22-4575-9022-445165E3B128}"
EndProject
Project("{FAE04EC0-301F-11D3-BF4B-00C04F79EFBC}") = "04. Building", "04. Building\04. Building.csproj", "{31B0DAC5-F747-4FD9-8A9C-56BDA7B66BE2}"
EndProject
Project("{FAE04EC0-301F-11D3-BF4B-00C04F79EFBC}") = "05. Combination", "05. Combination\05. Combination.csproj", "{B10612F6-B398-4974-9EB7-85988642C10F}"
EndProject
Project("{FAE04EC0-301F-11D3-BF4B-00C04F79EFBC}") = "06. Travelling", "06. Travelling\06. Travelling.csproj", "{AAA583EA-45C6-413D-AF4A-B40A8FD67BB1}"
EndProject
Project("{FAE04EC0-301F-11D3-BF4B-00C04F79EFBC}") = "07. Name Wars", "07. Name Wars\07. Name Wars.csproj", "{4D80F9CF-0D21-4E6E-9882-CFCCAABC3F3B}"
EndProject
Project("{FAE04EC0-301F-11D3-BF4B-00C04F79EFBC}") = "08. Cookie factory", "08. Cookie factory\08. Cookie factory.csproj", "{A4211610-B2BE-4C53-B000-DDF38EC98E41}"
EndProject
Project("{FAE04EC0-301F-11D3-BF4B-00C04F79EFBC}") = "09. Magic Numbers", "09. Magic Numbers\09. Magic Numbers.csproj", "{41E34B4A-50EA-46F5-823A-5660415D3BDE}"
EndProject
Global
	GlobalSection(SolutionConfigurationPlatforms) = preSolution
		Debug|Any CPU = Debug|Any CPU
		Release|Any CPU = Release|Any CPU
	EndGlobalSection
	GlobalSection(ProjectConfigurationPlatforms) = postSolution
		{9BC69E14-30FE-410F-B852-03E52845C917}.Debug|Any CPU.ActiveCfg = Debug|Any CPU
		{9BC69E14-30FE-410F-B852-03E52845C917}.Debug|Any CPU.Build.0 = Debug|Any CPU
		{9BC69E14-30FE-410F-B852-03E52845C917}.Release|Any CPU.ActiveCfg = Release|Any CPU
		{9BC69E14-30FE-410F-B852-03E52845C917}.Release|Any CPU.Build.0 = Release|Any CPU
		{730337AA-3539-45CD-9F83-FBC6E51F939B}.Debug|Any CPU.ActiveCfg = Debug|Any CPU
		{730337AA-3539-45CD-9F83-FBC6E51F939B}.Debug|Any CPU.Build.0 = Debug|Any CPU
		{730337AA-3539-45CD-9F83-FBC6E51F939B}.Release|Any CPU.ActiveCfg = Release|Any CPU
		{730337AA-3539-45CD-9F83-FBC6E51F939B}.Release|Any CPU.Build.0 = Release|Any CPU
		{D578C998-4D22-4575-9022-445165E3B128}.Debug|Any CPU.ActiveCfg = Debug|Any CPU
		{D578C998-4D22-4575-9022-445165E3B128}.Debug|Any CPU.Build.0 = Debug|Any CPU
		{D578C998-4D22-4575-9022-445165E3B128}.Release|Any CPU.ActiveCfg = Release|Any CPU
		{D578C998-4D22-4575-9022-445165E3B128}.Release|Any CPU.Build.0 = Release|Any CPU
		{31B0DAC5-F747-4FD9-8A9C-56BDA7B66BE2}.Debug|Any CPU.ActiveCfg = Debug|Any CPU
		{31B0DAC5-F747-4FD9-8A9C-56BDA7B66BE2}.Debug|Any CPU.Build.0 = Debug|Any CPU
		{31B0DAC5-F747-4FD9-8A9C-56BDA7B66BE2}.Release|Any CPU.ActiveCfg = Release|Any CPU
		{31B0DAC5-F747-4FD9-8A9C-56BDA7B66BE2}.Release|Any CPU.Build.0 = Release|Any CPU
		{B10612F6-B398-4974-9EB7-85988642C10F}.Debug|Any CPU.ActiveCfg = Debug|Any CPU
		{B10612F6-B398-4974-9EB7-85988642C10F}.Debug|Any CPU.Build.0 = Debug|Any CPU
		{B10612F6-B398-4974-9EB7-85988642C10F}.Release|Any CPU.ActiveCfg = Release|Any CPU
		{B10612F6-B398-4974-9EB7-85988642C10F}.Release|Any CPU.Build.0 = Release|Any CPU
		{AAA583EA-45C6-413D-AF4A-B40A8FD67BB1}.Debug|Any CPU.ActiveCfg = Debug|Any CPU
		{AAA583EA-45C6-413D-AF4A-B40A8FD67BB1}.Debug|Any CPU.Build.0 = Debug|Any CPU
		{AAA583EA-45C6-413D-AF4A-B40A8FD67BB1}.Release|Any CPU.ActiveCfg = Release|Any CPU
		{AAA583EA-45C6-413D-AF4A-B40A8FD67BB1}.Release|Any CPU.Build.0 = Release|Any CPU
		{4D80F9CF-0D21-4E6E-9882-CFCCAABC3F3B}.Debug|Any CPU.ActiveCfg = Debug|Any CPU
		{4D80F9CF-0D21-4E6E-9882-CFCCAABC3F3B}.Debug|Any CPU.Build.0 = Debug|Any CPU
		{4D80F9CF-0D21-4E6E-9882-CFCCAABC3F3B}.Release|Any CPU.ActiveCfg = Release|Any CPU
		{4D80F9CF-0D21-4E6E-9882-CFCCAABC3F3B}.Release|Any CPU.Build.0 = Release|Any CPU
		{A4211610-B2BE-4C53-B000-DDF38EC98E41}.Debug|Any CPU.ActiveCfg = Debug|Any CPU
		{A4211610-B2BE-4C53-B000-DDF38EC98E41}.Debug|Any CPU.Build.0 = Debug|Any CPU
		{A4211610-B2BE-4C53-B000-DDF38EC98E41}.Release|Any CPU.ActiveCfg = Release|Any CPU
		{A4211610-B2BE-4C53-B000-DDF38EC98E41}.Release|Any CPU.Build.0 = Release|Any CPU
		{41E34B4A-50EA-46F5-823A-5660415D3BDE}.Debug|Any CPU.ActiveCfg = Debug|Any CPU
		{41E34B4A-50EA-46F5-823A-5660415D3BDE}.Debug|Any CPU.Build.0 = Debug|Any CPU
		{41E34B4A-50EA-46F5-823A-5660415D3BDE}.Release|Any CPU.ActiveCfg = Release|Any CPU
		{41E34B4A-50EA-46F5-823A-5660415D3BDE}.Release|Any CPU.Build.0 = Release|Any CPU
	EndGlobalSection
	GlobalSection(SolutionProperties) = preSolution
		HideSolutionNode = FALSE
	EndGlobalSection
	GlobalSection(ExtensibilityGlobals) = postSolution
		SolutionGuid = {3354E51F-A492-430D-ABED-2E51207F8BC4}
	EndGlobalSection
EndGlobal
