
Microsoft Visual Studio Solution File, Format Version 12.00
# Visual Studio 15
VisualStudioVersion = 15.0.28307.329
MinimumVisualStudioVersion = 10.0.40219.1
Project("{FAE04EC0-301F-11D3-BF4B-00C04F79EFBC}") = "01. Day of Week", "01. Day of Week\01. Day of Week.csproj", "{3BEC1539-C8B0-45C7-9D22-6E91F678B41C}"
EndProject
Project("{FAE04EC0-301F-11D3-BF4B-00C04F79EFBC}") = "02. Print Numbers in Reverse Order", "02. Print Numbers in Reverse Order\02. Print Numbers in Reverse Order.csproj", "{D0878848-95DC-4986-87A0-8C5BF5F39594}"
EndProject
Project("{FAE04EC0-301F-11D3-BF4B-00C04F79EFBC}") = "03. Rounding Numbers", "03. Rounding Numbers\03. Rounding Numbers.csproj", "{20BF3F49-618E-4B00-87AB-320ABC58A824}"
EndProject
Project("{FAE04EC0-301F-11D3-BF4B-00C04F79EFBC}") = "04. Reverse Array of Strings", "04. Reverse Array of Strings\04. Reverse Array of Strings.csproj", "{FA418920-D414-4D46-BE0D-67B3F1433B87}"
EndProject
Project("{FAE04EC0-301F-11D3-BF4B-00C04F79EFBC}") = "05. Sum Even Numbers", "05. Sum Even Numbers\05. Sum Even Numbers.csproj", "{EFBCDE73-BF25-4DF1-BA48-678B390B1F41}"
EndProject
Project("{FAE04EC0-301F-11D3-BF4B-00C04F79EFBC}") = "06. Even and Odd Subtraction", "06. Even and Odd Subtraction\06. Even and Odd Subtraction.csproj", "{472D248D-3266-42AC-BF68-0A87F79CA11C}"
EndProject
Project("{FAE04EC0-301F-11D3-BF4B-00C04F79EFBC}") = "07. Equal Arrays", "07. Equal Arrays\07. Equal Arrays.csproj", "{EB9EB283-24ED-4B94-8EF2-3ACFEF0FA162}"
EndProject
Project("{FAE04EC0-301F-11D3-BF4B-00C04F79EFBC}") = "08. Condense Array to Number", "08. Condense Array to Number\08. Condense Array to Number.csproj", "{C8A69F23-3E3F-4D5A-84CB-BEAAA4C15B75}"
EndProject
Global
	GlobalSection(SolutionConfigurationPlatforms) = preSolution
		Debug|Any CPU = Debug|Any CPU
		Release|Any CPU = Release|Any CPU
	EndGlobalSection
	GlobalSection(ProjectConfigurationPlatforms) = postSolution
		{3BEC1539-C8B0-45C7-9D22-6E91F678B41C}.Debug|Any CPU.ActiveCfg = Debug|Any CPU
		{3BEC1539-C8B0-45C7-9D22-6E91F678B41C}.Debug|Any CPU.Build.0 = Debug|Any CPU
		{3BEC1539-C8B0-45C7-9D22-6E91F678B41C}.Release|Any CPU.ActiveCfg = Release|Any CPU
		{3BEC1539-C8B0-45C7-9D22-6E91F678B41C}.Release|Any CPU.Build.0 = Release|Any CPU
		{D0878848-95DC-4986-87A0-8C5BF5F39594}.Debug|Any CPU.ActiveCfg = Debug|Any CPU
		{D0878848-95DC-4986-87A0-8C5BF5F39594}.Debug|Any CPU.Build.0 = Debug|Any CPU
		{D0878848-95DC-4986-87A0-8C5BF5F39594}.Release|Any CPU.ActiveCfg = Release|Any CPU
		{D0878848-95DC-4986-87A0-8C5BF5F39594}.Release|Any CPU.Build.0 = Release|Any CPU
		{20BF3F49-618E-4B00-87AB-320ABC58A824}.Debug|Any CPU.ActiveCfg = Debug|Any CPU
		{20BF3F49-618E-4B00-87AB-320ABC58A824}.Debug|Any CPU.Build.0 = Debug|Any CPU
		{20BF3F49-618E-4B00-87AB-320ABC58A824}.Release|Any CPU.ActiveCfg = Release|Any CPU
		{20BF3F49-618E-4B00-87AB-320ABC58A824}.Release|Any CPU.Build.0 = Release|Any CPU
		{FA418920-D414-4D46-BE0D-67B3F1433B87}.Debug|Any CPU.ActiveCfg = Debug|Any CPU
		{FA418920-D414-4D46-BE0D-67B3F1433B87}.Debug|Any CPU.Build.0 = Debug|Any CPU
		{FA418920-D414-4D46-BE0D-67B3F1433B87}.Release|Any CPU.ActiveCfg = Release|Any CPU
		{FA418920-D414-4D46-BE0D-67B3F1433B87}.Release|Any CPU.Build.0 = Release|Any CPU
		{EFBCDE73-BF25-4DF1-BA48-678B390B1F41}.Debug|Any CPU.ActiveCfg = Debug|Any CPU
		{EFBCDE73-BF25-4DF1-BA48-678B390B1F41}.Debug|Any CPU.Build.0 = Debug|Any CPU
		{EFBCDE73-BF25-4DF1-BA48-678B390B1F41}.Release|Any CPU.ActiveCfg = Release|Any CPU
		{EFBCDE73-BF25-4DF1-BA48-678B390B1F41}.Release|Any CPU.Build.0 = Release|Any CPU
		{472D248D-3266-42AC-BF68-0A87F79CA11C}.Debug|Any CPU.ActiveCfg = Debug|Any CPU
		{472D248D-3266-42AC-BF68-0A87F79CA11C}.Debug|Any CPU.Build.0 = Debug|Any CPU
		{472D248D-3266-42AC-BF68-0A87F79CA11C}.Release|Any CPU.ActiveCfg = Release|Any CPU
		{472D248D-3266-42AC-BF68-0A87F79CA11C}.Release|Any CPU.Build.0 = Release|Any CPU
		{EB9EB283-24ED-4B94-8EF2-3ACFEF0FA162}.Debug|Any CPU.ActiveCfg = Debug|Any CPU
		{EB9EB283-24ED-4B94-8EF2-3ACFEF0FA162}.Debug|Any CPU.Build.0 = Debug|Any CPU
		{EB9EB283-24ED-4B94-8EF2-3ACFEF0FA162}.Release|Any CPU.ActiveCfg = Release|Any CPU
		{EB9EB283-24ED-4B94-8EF2-3ACFEF0FA162}.Release|Any CPU.Build.0 = Release|Any CPU
		{C8A69F23-3E3F-4D5A-84CB-BEAAA4C15B75}.Debug|Any CPU.ActiveCfg = Debug|Any CPU
		{C8A69F23-3E3F-4D5A-84CB-BEAAA4C15B75}.Debug|Any CPU.Build.0 = Debug|Any CPU
		{C8A69F23-3E3F-4D5A-84CB-BEAAA4C15B75}.Release|Any CPU.ActiveCfg = Release|Any CPU
		{C8A69F23-3E3F-4D5A-84CB-BEAAA4C15B75}.Release|Any CPU.Build.0 = Release|Any CPU
	EndGlobalSection
	GlobalSection(SolutionProperties) = preSolution
		HideSolutionNode = FALSE
	EndGlobalSection
	GlobalSection(ExtensibilityGlobals) = postSolution
		SolutionGuid = {D1E779D8-1607-4E0C-932C-9EE4B005CCA5}
	EndGlobalSection
EndGlobal
