
Microsoft Visual Studio Solution File, Format Version 12.00
# Visual Studio 15
VisualStudioVersion = 15.0.28307.329
MinimumVisualStudioVersion = 10.0.40219.1
Project("{FAE04EC0-301F-11D3-BF4B-00C04F79EFBC}") = "01. Ranking", "01. Ranking\01. Ranking.csproj", "{C7BA5C28-F769-4F29-9D40-91F5EFA9DA06}"
EndProject
Project("{FAE04EC0-301F-11D3-BF4B-00C04F79EFBC}") = "02. Judge", "02. Judge\02. Judge.csproj", "{C12E3ABC-5DA2-4B90-94BC-9C39D7F0265C}"
EndProject
Project("{FAE04EC0-301F-11D3-BF4B-00C04F79EFBC}") = "03. MOBA Challenger", "03. MOBA Challenger\03. MOBA Challenger.csproj", "{53947E24-BAA7-4EA1-81C9-802C7AFE6503}"
EndProject
Project("{FAE04EC0-301F-11D3-BF4B-00C04F79EFBC}") = "04. Snowwhite", "04. Snowwhite\04. Snowwhite.csproj", "{2E51ECAE-AC6C-44CB-B86A-EEB33C2ACC82}"
EndProject
Project("{FAE04EC0-301F-11D3-BF4B-00C04F79EFBC}") = "05. Dragon Army", "05. Dragon Army\05. Dragon Army.csproj", "{DFF119A8-2EAB-400A-A8A4-F62EA7CE2FF4}"
EndProject
Global
	GlobalSection(SolutionConfigurationPlatforms) = preSolution
		Debug|Any CPU = Debug|Any CPU
		Release|Any CPU = Release|Any CPU
	EndGlobalSection
	GlobalSection(ProjectConfigurationPlatforms) = postSolution
		{C7BA5C28-F769-4F29-9D40-91F5EFA9DA06}.Debug|Any CPU.ActiveCfg = Debug|Any CPU
		{C7BA5C28-F769-4F29-9D40-91F5EFA9DA06}.Debug|Any CPU.Build.0 = Debug|Any CPU
		{C7BA5C28-F769-4F29-9D40-91F5EFA9DA06}.Release|Any CPU.ActiveCfg = Release|Any CPU
		{C7BA5C28-F769-4F29-9D40-91F5EFA9DA06}.Release|Any CPU.Build.0 = Release|Any CPU
		{C12E3ABC-5DA2-4B90-94BC-9C39D7F0265C}.Debug|Any CPU.ActiveCfg = Debug|Any CPU
		{C12E3ABC-5DA2-4B90-94BC-9C39D7F0265C}.Debug|Any CPU.Build.0 = Debug|Any CPU
		{C12E3ABC-5DA2-4B90-94BC-9C39D7F0265C}.Release|Any CPU.ActiveCfg = Release|Any CPU
		{C12E3ABC-5DA2-4B90-94BC-9C39D7F0265C}.Release|Any CPU.Build.0 = Release|Any CPU
		{53947E24-BAA7-4EA1-81C9-802C7AFE6503}.Debug|Any CPU.ActiveCfg = Debug|Any CPU
		{53947E24-BAA7-4EA1-81C9-802C7AFE6503}.Debug|Any CPU.Build.0 = Debug|Any CPU
		{53947E24-BAA7-4EA1-81C9-802C7AFE6503}.Release|Any CPU.ActiveCfg = Release|Any CPU
		{53947E24-BAA7-4EA1-81C9-802C7AFE6503}.Release|Any CPU.Build.0 = Release|Any CPU
		{2E51ECAE-AC6C-44CB-B86A-EEB33C2ACC82}.Debug|Any CPU.ActiveCfg = Debug|Any CPU
		{2E51ECAE-AC6C-44CB-B86A-EEB33C2ACC82}.Debug|Any CPU.Build.0 = Debug|Any CPU
		{2E51ECAE-AC6C-44CB-B86A-EEB33C2ACC82}.Release|Any CPU.ActiveCfg = Release|Any CPU
		{2E51ECAE-AC6C-44CB-B86A-EEB33C2ACC82}.Release|Any CPU.Build.0 = Release|Any CPU
		{DFF119A8-2EAB-400A-A8A4-F62EA7CE2FF4}.Debug|Any CPU.ActiveCfg = Debug|Any CPU
		{DFF119A8-2EAB-400A-A8A4-F62EA7CE2FF4}.Debug|Any CPU.Build.0 = Debug|Any CPU
		{DFF119A8-2EAB-400A-A8A4-F62EA7CE2FF4}.Release|Any CPU.ActiveCfg = Release|Any CPU
		{DFF119A8-2EAB-400A-A8A4-F62EA7CE2FF4}.Release|Any CPU.Build.0 = Release|Any CPU
	EndGlobalSection
	GlobalSection(SolutionProperties) = preSolution
		HideSolutionNode = FALSE
	EndGlobalSection
	GlobalSection(ExtensibilityGlobals) = postSolution
		SolutionGuid = {3955A417-6606-43C6-9BFA-2191655C7E23}
	EndGlobalSection
EndGlobal
