
Microsoft Visual Studio Solution File, Format Version 12.00
# Visual Studio 15
VisualStudioVersion = 15.0.28307.329
MinimumVisualStudioVersion = 10.0.40219.1
Project("{FAE04EC0-301F-11D3-BF4B-00C04F79EFBC}") = "01. Party Profit", "01. Party Profit\01. Party Profit.csproj", "{7626D337-F717-4BE1-B401-C201CCB31399}"
EndProject
Project("{FAE04EC0-301F-11D3-BF4B-00C04F79EFBC}") = "02. Dungeonest Dark", "02. Dungeonest Dark\02. Dungeonest Dark.csproj", "{DBBF9B6D-DCBB-410C-95A7-990053342F20}"
EndProject
Project("{FAE04EC0-301F-11D3-BF4B-00C04F79EFBC}") = "03. Quests Journal", "03. Quests Journal\03. Quests Journal.csproj", "{FDDE5FD9-DACE-4FBD-BC28-122E9344078E}"
EndProject
Global
	GlobalSection(SolutionConfigurationPlatforms) = preSolution
		Debug|Any CPU = Debug|Any CPU
		Release|Any CPU = Release|Any CPU
	EndGlobalSection
	GlobalSection(ProjectConfigurationPlatforms) = postSolution
		{7626D337-F717-4BE1-B401-C201CCB31399}.Debug|Any CPU.ActiveCfg = Debug|Any CPU
		{7626D337-F717-4BE1-B401-C201CCB31399}.Debug|Any CPU.Build.0 = Debug|Any CPU
		{7626D337-F717-4BE1-B401-C201CCB31399}.Release|Any CPU.ActiveCfg = Release|Any CPU
		{7626D337-F717-4BE1-B401-C201CCB31399}.Release|Any CPU.Build.0 = Release|Any CPU
		{DBBF9B6D-DCBB-410C-95A7-990053342F20}.Debug|Any CPU.ActiveCfg = Debug|Any CPU
		{DBBF9B6D-DCBB-410C-95A7-990053342F20}.Debug|Any CPU.Build.0 = Debug|Any CPU
		{DBBF9B6D-DCBB-410C-95A7-990053342F20}.Release|Any CPU.ActiveCfg = Release|Any CPU
		{DBBF9B6D-DCBB-410C-95A7-990053342F20}.Release|Any CPU.Build.0 = Release|Any CPU
		{FDDE5FD9-DACE-4FBD-BC28-122E9344078E}.Debug|Any CPU.ActiveCfg = Debug|Any CPU
		{FDDE5FD9-DACE-4FBD-BC28-122E9344078E}.Debug|Any CPU.Build.0 = Debug|Any CPU
		{FDDE5FD9-DACE-4FBD-BC28-122E9344078E}.Release|Any CPU.ActiveCfg = Release|Any CPU
		{FDDE5FD9-DACE-4FBD-BC28-122E9344078E}.Release|Any CPU.Build.0 = Release|Any CPU
	EndGlobalSection
	GlobalSection(SolutionProperties) = preSolution
		HideSolutionNode = FALSE
	EndGlobalSection
	GlobalSection(ExtensibilityGlobals) = postSolution
		SolutionGuid = {5E43E066-BC5F-4E53-8EE6-7D1970687FE6}
	EndGlobalSection
EndGlobal
