
Microsoft Visual Studio Solution File, Format Version 12.00
# Visual Studio 15
VisualStudioVersion = 15.0.28307.329
MinimumVisualStudioVersion = 10.0.40219.1
Project("{FAE04EC0-301F-11D3-BF4B-00C04F79EFBC}") = "01", "01\01.csproj", "{A6B233D5-B9CB-4E12-B592-AF5AA7366E6A}"
EndProject
Project("{FAE04EC0-301F-11D3-BF4B-00C04F79EFBC}") = "02", "02\02.csproj", "{5F47BCCA-1517-467F-BB74-C787ECFC7A69}"
EndProject
Project("{FAE04EC0-301F-11D3-BF4B-00C04F79EFBC}") = "03", "03\03.csproj", "{564D3638-04B2-4CA0-8481-8F1110DEF54D}"
EndProject
Global
	GlobalSection(SolutionConfigurationPlatforms) = preSolution
		Debug|Any CPU = Debug|Any CPU
		Release|Any CPU = Release|Any CPU
	EndGlobalSection
	GlobalSection(ProjectConfigurationPlatforms) = postSolution
		{A6B233D5-B9CB-4E12-B592-AF5AA7366E6A}.Debug|Any CPU.ActiveCfg = Debug|Any CPU
		{A6B233D5-B9CB-4E12-B592-AF5AA7366E6A}.Debug|Any CPU.Build.0 = Debug|Any CPU
		{A6B233D5-B9CB-4E12-B592-AF5AA7366E6A}.Release|Any CPU.ActiveCfg = Release|Any CPU
		{A6B233D5-B9CB-4E12-B592-AF5AA7366E6A}.Release|Any CPU.Build.0 = Release|Any CPU
		{5F47BCCA-1517-467F-BB74-C787ECFC7A69}.Debug|Any CPU.ActiveCfg = Debug|Any CPU
		{5F47BCCA-1517-467F-BB74-C787ECFC7A69}.Debug|Any CPU.Build.0 = Debug|Any CPU
		{5F47BCCA-1517-467F-BB74-C787ECFC7A69}.Release|Any CPU.ActiveCfg = Release|Any CPU
		{5F47BCCA-1517-467F-BB74-C787ECFC7A69}.Release|Any CPU.Build.0 = Release|Any CPU
		{564D3638-04B2-4CA0-8481-8F1110DEF54D}.Debug|Any CPU.ActiveCfg = Debug|Any CPU
		{564D3638-04B2-4CA0-8481-8F1110DEF54D}.Debug|Any CPU.Build.0 = Debug|Any CPU
		{564D3638-04B2-4CA0-8481-8F1110DEF54D}.Release|Any CPU.ActiveCfg = Release|Any CPU
		{564D3638-04B2-4CA0-8481-8F1110DEF54D}.Release|Any CPU.Build.0 = Release|Any CPU
	EndGlobalSection
	GlobalSection(SolutionProperties) = preSolution
		HideSolutionNode = FALSE
	EndGlobalSection
	GlobalSection(ExtensibilityGlobals) = postSolution
		SolutionGuid = {E46C21F5-AB89-49BD-A506-6F027EF97929}
	EndGlobalSection
EndGlobal
