
Microsoft Visual Studio Solution File, Format Version 12.00
# Visual Studio 15
VisualStudioVersion = 15.0.28010.2046
MinimumVisualStudioVersion = 10.0.40219.1
Project("{FAE04EC0-301F-11D3-BF4B-00C04F79EFBC}") = "01. Numbers Ending in 7", "01. Numbers Ending in 7\01. Numbers Ending in 7.csproj", "{E0FE612C-2540-44E9-85FF-5E8EFF3A23F1}"
EndProject
Project("{FAE04EC0-301F-11D3-BF4B-00C04F79EFBC}") = "02. Half Sum Element", "02. Half Sum Element\02. Half Sum Element.csproj", "{2BB7D3A8-52F4-4CE7-963F-766ECFC524E7}"
EndProject
Project("{FAE04EC0-301F-11D3-BF4B-00C04F79EFBC}") = "03. Odd or Even Position", "03. Odd or Even Position\03. Odd or Even Position.csproj", "{8C92F605-BC13-4D4F-813D-ECFB32082A73}"
EndProject
Project("{FAE04EC0-301F-11D3-BF4B-00C04F79EFBC}") = "04. Equal Pairs", "04. Equal Pairs\04. Equal Pairs.csproj", "{C5853969-C641-44BB-A2FB-CC983CC480C3}"
EndProject
Project("{FAE04EC0-301F-11D3-BF4B-00C04F79EFBC}") = "05. Histogram", "05. Histogram\05. Histogram.csproj", "{69A911CF-A658-49E1-87A5-E1BA09C2E280}"
EndProject
Project("{FAE04EC0-301F-11D3-BF4B-00C04F79EFBC}") = "06. Divide without remainder", "06. Divide without remainder\06. Divide without remainder.csproj", "{1D72203D-9068-48FE-9A29-6160BF0DD5C6}"
EndProject
Project("{FAE04EC0-301F-11D3-BF4B-00C04F79EFBC}") = "07. Salary", "07. Salary\07. Salary.csproj", "{16BDA742-C858-4ECC-B398-D002EF443018}"
EndProject
Global
	GlobalSection(SolutionConfigurationPlatforms) = preSolution
		Debug|Any CPU = Debug|Any CPU
		Release|Any CPU = Release|Any CPU
	EndGlobalSection
	GlobalSection(ProjectConfigurationPlatforms) = postSolution
		{E0FE612C-2540-44E9-85FF-5E8EFF3A23F1}.Debug|Any CPU.ActiveCfg = Debug|Any CPU
		{E0FE612C-2540-44E9-85FF-5E8EFF3A23F1}.Debug|Any CPU.Build.0 = Debug|Any CPU
		{E0FE612C-2540-44E9-85FF-5E8EFF3A23F1}.Release|Any CPU.ActiveCfg = Release|Any CPU
		{E0FE612C-2540-44E9-85FF-5E8EFF3A23F1}.Release|Any CPU.Build.0 = Release|Any CPU
		{2BB7D3A8-52F4-4CE7-963F-766ECFC524E7}.Debug|Any CPU.ActiveCfg = Debug|Any CPU
		{2BB7D3A8-52F4-4CE7-963F-766ECFC524E7}.Debug|Any CPU.Build.0 = Debug|Any CPU
		{2BB7D3A8-52F4-4CE7-963F-766ECFC524E7}.Release|Any CPU.ActiveCfg = Release|Any CPU
		{2BB7D3A8-52F4-4CE7-963F-766ECFC524E7}.Release|Any CPU.Build.0 = Release|Any CPU
		{8C92F605-BC13-4D4F-813D-ECFB32082A73}.Debug|Any CPU.ActiveCfg = Debug|Any CPU
		{8C92F605-BC13-4D4F-813D-ECFB32082A73}.Debug|Any CPU.Build.0 = Debug|Any CPU
		{8C92F605-BC13-4D4F-813D-ECFB32082A73}.Release|Any CPU.ActiveCfg = Release|Any CPU
		{8C92F605-BC13-4D4F-813D-ECFB32082A73}.Release|Any CPU.Build.0 = Release|Any CPU
		{C5853969-C641-44BB-A2FB-CC983CC480C3}.Debug|Any CPU.ActiveCfg = Debug|Any CPU
		{C5853969-C641-44BB-A2FB-CC983CC480C3}.Debug|Any CPU.Build.0 = Debug|Any CPU
		{C5853969-C641-44BB-A2FB-CC983CC480C3}.Release|Any CPU.ActiveCfg = Release|Any CPU
		{C5853969-C641-44BB-A2FB-CC983CC480C3}.Release|Any CPU.Build.0 = Release|Any CPU
		{69A911CF-A658-49E1-87A5-E1BA09C2E280}.Debug|Any CPU.ActiveCfg = Debug|Any CPU
		{69A911CF-A658-49E1-87A5-E1BA09C2E280}.Debug|Any CPU.Build.0 = Debug|Any CPU
		{69A911CF-A658-49E1-87A5-E1BA09C2E280}.Release|Any CPU.ActiveCfg = Release|Any CPU
		{69A911CF-A658-49E1-87A5-E1BA09C2E280}.Release|Any CPU.Build.0 = Release|Any CPU
		{1D72203D-9068-48FE-9A29-6160BF0DD5C6}.Debug|Any CPU.ActiveCfg = Debug|Any CPU
		{1D72203D-9068-48FE-9A29-6160BF0DD5C6}.Debug|Any CPU.Build.0 = Debug|Any CPU
		{1D72203D-9068-48FE-9A29-6160BF0DD5C6}.Release|Any CPU.ActiveCfg = Release|Any CPU
		{1D72203D-9068-48FE-9A29-6160BF0DD5C6}.Release|Any CPU.Build.0 = Release|Any CPU
		{16BDA742-C858-4ECC-B398-D002EF443018}.Debug|Any CPU.ActiveCfg = Debug|Any CPU
		{16BDA742-C858-4ECC-B398-D002EF443018}.Debug|Any CPU.Build.0 = Debug|Any CPU
		{16BDA742-C858-4ECC-B398-D002EF443018}.Release|Any CPU.ActiveCfg = Release|Any CPU
		{16BDA742-C858-4ECC-B398-D002EF443018}.Release|Any CPU.Build.0 = Release|Any CPU
	EndGlobalSection
	GlobalSection(SolutionProperties) = preSolution
		HideSolutionNode = FALSE
	EndGlobalSection
	GlobalSection(ExtensibilityGlobals) = postSolution
		SolutionGuid = {C946939A-72AC-4C65-851B-79B7C7362741}
	EndGlobalSection
EndGlobal
