
Microsoft Visual Studio Solution File, Format Version 12.00
# Visual Studio 15
VisualStudioVersion = 15.0.28307.329
MinimumVisualStudioVersion = 10.0.40219.1
Project("{FAE04EC0-301F-11D3-BF4B-00C04F79EFBC}") = "01. Ages", "01. Ages\01. Ages.csproj", "{9D61E87A-6207-4B5B-B317-BECD74303061}"
EndProject
Project("{FAE04EC0-301F-11D3-BF4B-00C04F79EFBC}") = "02. Division", "02. Division\02. Division.csproj", "{B07C98E9-9210-4AF6-85C7-F98E57809BBD}"
EndProject
Project("{FAE04EC0-301F-11D3-BF4B-00C04F79EFBC}") = "03. Vacation", "03. Vacation\03. Vacation.csproj", "{2850ED1F-672C-4DDA-99F8-FCD894CDBA18}"
EndProject
Project("{FAE04EC0-301F-11D3-BF4B-00C04F79EFBC}") = "04. Print and sum", "04. Print and sum\04. Print and sum.csproj", "{35F9E91C-F02B-432C-9B54-916FE2D4B7E9}"
EndProject
Project("{FAE04EC0-301F-11D3-BF4B-00C04F79EFBC}") = "05. Login", "05. Login\05. Login.csproj", "{B775197B-FAAE-455F-909D-EC5B8D0CFA1F}"
EndProject
Project("{FAE04EC0-301F-11D3-BF4B-00C04F79EFBC}") = "06. Strong number", "06. Strong number\06. Strong number.csproj", "{98CD953A-45F2-44E4-B2C2-2751CFB0A587}"
EndProject
Project("{FAE04EC0-301F-11D3-BF4B-00C04F79EFBC}") = "07. Vending Machine", "07. Vending Machine\07. Vending Machine.csproj", "{5F78A64A-39CD-4AEC-8499-F26EBBCBABCC}"
EndProject
Project("{FAE04EC0-301F-11D3-BF4B-00C04F79EFBC}") = "08. Triangle of Numbers", "08. Triangle of Numbers\08. Triangle of Numbers.csproj", "{D6D705D3-8ED1-4B55-A114-E75F9AB5D49D}"
EndProject
Project("{FAE04EC0-301F-11D3-BF4B-00C04F79EFBC}") = "09. Padawan Equipment", "09. Padawan Equipment\09. Padawan Equipment.csproj", "{ECD5297D-8E50-4209-9EBF-16DA41FCC01A}"
EndProject
Project("{FAE04EC0-301F-11D3-BF4B-00C04F79EFBC}") = "10. Rage Expenses", "10. Rage Expenses\10. Rage Expenses.csproj", "{8CA2DCA1-C7BE-4F87-A8AD-F0821C3A0299}"
EndProject
Global
	GlobalSection(SolutionConfigurationPlatforms) = preSolution
		Debug|Any CPU = Debug|Any CPU
		Release|Any CPU = Release|Any CPU
	EndGlobalSection
	GlobalSection(ProjectConfigurationPlatforms) = postSolution
		{9D61E87A-6207-4B5B-B317-BECD74303061}.Debug|Any CPU.ActiveCfg = Debug|Any CPU
		{9D61E87A-6207-4B5B-B317-BECD74303061}.Debug|Any CPU.Build.0 = Debug|Any CPU
		{9D61E87A-6207-4B5B-B317-BECD74303061}.Release|Any CPU.ActiveCfg = Release|Any CPU
		{9D61E87A-6207-4B5B-B317-BECD74303061}.Release|Any CPU.Build.0 = Release|Any CPU
		{B07C98E9-9210-4AF6-85C7-F98E57809BBD}.Debug|Any CPU.ActiveCfg = Debug|Any CPU
		{B07C98E9-9210-4AF6-85C7-F98E57809BBD}.Debug|Any CPU.Build.0 = Debug|Any CPU
		{B07C98E9-9210-4AF6-85C7-F98E57809BBD}.Release|Any CPU.ActiveCfg = Release|Any CPU
		{B07C98E9-9210-4AF6-85C7-F98E57809BBD}.Release|Any CPU.Build.0 = Release|Any CPU
		{2850ED1F-672C-4DDA-99F8-FCD894CDBA18}.Debug|Any CPU.ActiveCfg = Debug|Any CPU
		{2850ED1F-672C-4DDA-99F8-FCD894CDBA18}.Debug|Any CPU.Build.0 = Debug|Any CPU
		{2850ED1F-672C-4DDA-99F8-FCD894CDBA18}.Release|Any CPU.ActiveCfg = Release|Any CPU
		{2850ED1F-672C-4DDA-99F8-FCD894CDBA18}.Release|Any CPU.Build.0 = Release|Any CPU
		{35F9E91C-F02B-432C-9B54-916FE2D4B7E9}.Debug|Any CPU.ActiveCfg = Debug|Any CPU
		{35F9E91C-F02B-432C-9B54-916FE2D4B7E9}.Debug|Any CPU.Build.0 = Debug|Any CPU
		{35F9E91C-F02B-432C-9B54-916FE2D4B7E9}.Release|Any CPU.ActiveCfg = Release|Any CPU
		{35F9E91C-F02B-432C-9B54-916FE2D4B7E9}.Release|Any CPU.Build.0 = Release|Any CPU
		{B775197B-FAAE-455F-909D-EC5B8D0CFA1F}.Debug|Any CPU.ActiveCfg = Debug|Any CPU
		{B775197B-FAAE-455F-909D-EC5B8D0CFA1F}.Debug|Any CPU.Build.0 = Debug|Any CPU
		{B775197B-FAAE-455F-909D-EC5B8D0CFA1F}.Release|Any CPU.ActiveCfg = Release|Any CPU
		{B775197B-FAAE-455F-909D-EC5B8D0CFA1F}.Release|Any CPU.Build.0 = Release|Any CPU
		{98CD953A-45F2-44E4-B2C2-2751CFB0A587}.Debug|Any CPU.ActiveCfg = Debug|Any CPU
		{98CD953A-45F2-44E4-B2C2-2751CFB0A587}.Debug|Any CPU.Build.0 = Debug|Any CPU
		{98CD953A-45F2-44E4-B2C2-2751CFB0A587}.Release|Any CPU.ActiveCfg = Release|Any CPU
		{98CD953A-45F2-44E4-B2C2-2751CFB0A587}.Release|Any CPU.Build.0 = Release|Any CPU
		{5F78A64A-39CD-4AEC-8499-F26EBBCBABCC}.Debug|Any CPU.ActiveCfg = Debug|Any CPU
		{5F78A64A-39CD-4AEC-8499-F26EBBCBABCC}.Debug|Any CPU.Build.0 = Debug|Any CPU
		{5F78A64A-39CD-4AEC-8499-F26EBBCBABCC}.Release|Any CPU.ActiveCfg = Release|Any CPU
		{5F78A64A-39CD-4AEC-8499-F26EBBCBABCC}.Release|Any CPU.Build.0 = Release|Any CPU
		{D6D705D3-8ED1-4B55-A114-E75F9AB5D49D}.Debug|Any CPU.ActiveCfg = Debug|Any CPU
		{D6D705D3-8ED1-4B55-A114-E75F9AB5D49D}.Debug|Any CPU.Build.0 = Debug|Any CPU
		{D6D705D3-8ED1-4B55-A114-E75F9AB5D49D}.Release|Any CPU.ActiveCfg = Release|Any CPU
		{D6D705D3-8ED1-4B55-A114-E75F9AB5D49D}.Release|Any CPU.Build.0 = Release|Any CPU
		{ECD5297D-8E50-4209-9EBF-16DA41FCC01A}.Debug|Any CPU.ActiveCfg = Debug|Any CPU
		{ECD5297D-8E50-4209-9EBF-16DA41FCC01A}.Debug|Any CPU.Build.0 = Debug|Any CPU
		{ECD5297D-8E50-4209-9EBF-16DA41FCC01A}.Release|Any CPU.ActiveCfg = Release|Any CPU
		{ECD5297D-8E50-4209-9EBF-16DA41FCC01A}.Release|Any CPU.Build.0 = Release|Any CPU
		{8CA2DCA1-C7BE-4F87-A8AD-F0821C3A0299}.Debug|Any CPU.ActiveCfg = Debug|Any CPU
		{8CA2DCA1-C7BE-4F87-A8AD-F0821C3A0299}.Debug|Any CPU.Build.0 = Debug|Any CPU
		{8CA2DCA1-C7BE-4F87-A8AD-F0821C3A0299}.Release|Any CPU.ActiveCfg = Release|Any CPU
		{8CA2DCA1-C7BE-4F87-A8AD-F0821C3A0299}.Release|Any CPU.Build.0 = Release|Any CPU
	EndGlobalSection
	GlobalSection(SolutionProperties) = preSolution
		HideSolutionNode = FALSE
	EndGlobalSection
	GlobalSection(ExtensibilityGlobals) = postSolution
		SolutionGuid = {39DD6287-87C3-4D74-954F-1281CC8912FD}
	EndGlobalSection
EndGlobal
