
Microsoft Visual Studio Solution File, Format Version 12.00
# Visual Studio 15
VisualStudioVersion = 15.0.28307.329
MinimumVisualStudioVersion = 10.0.40219.1
Project("{FAE04EC0-301F-11D3-BF4B-00C04F79EFBC}") = "01. Convert Meters to Kilometers", "01. Convert Meters to Kilometers\01. Convert Meters to Kilometers.csproj", "{A8CA2E6E-3AD4-4A2B-A5D9-D261AEA3E4BC}"
EndProject
Project("{FAE04EC0-301F-11D3-BF4B-00C04F79EFBC}") = "02. Pounds to Dollars", "02. Pounds to Dollars\02. Pounds to Dollars.csproj", "{CD5D5BF5-1E85-422D-8BFE-CEF963FF77C2}"
EndProject
Project("{FAE04EC0-301F-11D3-BF4B-00C04F79EFBC}") = "03. Exact Sum of Real Numbers", "03. Exact Sum of Real Numbers\03. Exact Sum of Real Numbers.csproj", "{75A51CFB-EB84-49AB-8505-6E1806009061}"
EndProject
Project("{FAE04EC0-301F-11D3-BF4B-00C04F79EFBC}") = "04. Centuries to Minutes", "04. Centuries to Minutes\04. Centuries to Minutes.csproj", "{244CEDB8-AB0B-4116-89AB-C5DA6C216D6C}"
EndProject
Project("{FAE04EC0-301F-11D3-BF4B-00C04F79EFBC}") = "05. Special Numbers", "05. Special Numbers\05. Special Numbers.csproj", "{37A66A0D-AE78-42FC-9FD1-D185CE8C1C7F}"
EndProject
Project("{FAE04EC0-301F-11D3-BF4B-00C04F79EFBC}") = "06. Reversed Chars", "06. Reversed Chars\06. Reversed Chars.csproj", "{42B4D7D5-191D-45D6-9BA8-2AF5B3F4F78C}"
EndProject
Project("{FAE04EC0-301F-11D3-BF4B-00C04F79EFBC}") = "07. Concat Names", "07. Concat Names\07. Concat Names.csproj", "{045BCDB5-4E13-46C0-AE0F-7B073267B8B5}"
EndProject
Project("{FAE04EC0-301F-11D3-BF4B-00C04F79EFBC}") = "08. Town Info", "08. Town Info\08. Town Info.csproj", "{CD7C64C6-E7C8-4195-8E52-E8869B413504}"
EndProject
Project("{FAE04EC0-301F-11D3-BF4B-00C04F79EFBC}") = "09. Chars to String", "09. Chars to String\09. Chars to String.csproj", "{D8039A4B-3490-4F19-988C-2A56CF8977B9}"
EndProject
Project("{FAE04EC0-301F-11D3-BF4B-00C04F79EFBC}") = "10. Lower or Upper", "10. Lower or Upper\10. Lower or Upper.csproj", "{B97DC260-C3A2-4F2F-BB8D-E685F92DF642}"
EndProject
Project("{FAE04EC0-301F-11D3-BF4B-00C04F79EFBC}") = "11. Refactor Volume of Pyramid", "11. Refactor Volume of Pyramid\11. Refactor Volume of Pyramid.csproj", "{F4AEF0A4-ABEB-4241-90E8-2D37F9D0374F}"
EndProject
Project("{FAE04EC0-301F-11D3-BF4B-00C04F79EFBC}") = "12. Refactor Special Numbers", "12. Refactor Special Numbers\12. Refactor Special Numbers.csproj", "{6EA72BCC-301E-4DB7-B751-F6E1781EC391}"
EndProject
Global
	GlobalSection(SolutionConfigurationPlatforms) = preSolution
		Debug|Any CPU = Debug|Any CPU
		Release|Any CPU = Release|Any CPU
	EndGlobalSection
	GlobalSection(ProjectConfigurationPlatforms) = postSolution
		{A8CA2E6E-3AD4-4A2B-A5D9-D261AEA3E4BC}.Debug|Any CPU.ActiveCfg = Debug|Any CPU
		{A8CA2E6E-3AD4-4A2B-A5D9-D261AEA3E4BC}.Debug|Any CPU.Build.0 = Debug|Any CPU
		{A8CA2E6E-3AD4-4A2B-A5D9-D261AEA3E4BC}.Release|Any CPU.ActiveCfg = Release|Any CPU
		{A8CA2E6E-3AD4-4A2B-A5D9-D261AEA3E4BC}.Release|Any CPU.Build.0 = Release|Any CPU
		{CD5D5BF5-1E85-422D-8BFE-CEF963FF77C2}.Debug|Any CPU.ActiveCfg = Debug|Any CPU
		{CD5D5BF5-1E85-422D-8BFE-CEF963FF77C2}.Debug|Any CPU.Build.0 = Debug|Any CPU
		{CD5D5BF5-1E85-422D-8BFE-CEF963FF77C2}.Release|Any CPU.ActiveCfg = Release|Any CPU
		{CD5D5BF5-1E85-422D-8BFE-CEF963FF77C2}.Release|Any CPU.Build.0 = Release|Any CPU
		{75A51CFB-EB84-49AB-8505-6E1806009061}.Debug|Any CPU.ActiveCfg = Debug|Any CPU
		{75A51CFB-EB84-49AB-8505-6E1806009061}.Debug|Any CPU.Build.0 = Debug|Any CPU
		{75A51CFB-EB84-49AB-8505-6E1806009061}.Release|Any CPU.ActiveCfg = Release|Any CPU
		{75A51CFB-EB84-49AB-8505-6E1806009061}.Release|Any CPU.Build.0 = Release|Any CPU
		{244CEDB8-AB0B-4116-89AB-C5DA6C216D6C}.Debug|Any CPU.ActiveCfg = Debug|Any CPU
		{244CEDB8-AB0B-4116-89AB-C5DA6C216D6C}.Debug|Any CPU.Build.0 = Debug|Any CPU
		{244CEDB8-AB0B-4116-89AB-C5DA6C216D6C}.Release|Any CPU.ActiveCfg = Release|Any CPU
		{244CEDB8-AB0B-4116-89AB-C5DA6C216D6C}.Release|Any CPU.Build.0 = Release|Any CPU
		{37A66A0D-AE78-42FC-9FD1-D185CE8C1C7F}.Debug|Any CPU.ActiveCfg = Debug|Any CPU
		{37A66A0D-AE78-42FC-9FD1-D185CE8C1C7F}.Debug|Any CPU.Build.0 = Debug|Any CPU
		{37A66A0D-AE78-42FC-9FD1-D185CE8C1C7F}.Release|Any CPU.ActiveCfg = Release|Any CPU
		{37A66A0D-AE78-42FC-9FD1-D185CE8C1C7F}.Release|Any CPU.Build.0 = Release|Any CPU
		{42B4D7D5-191D-45D6-9BA8-2AF5B3F4F78C}.Debug|Any CPU.ActiveCfg = Debug|Any CPU
		{42B4D7D5-191D-45D6-9BA8-2AF5B3F4F78C}.Debug|Any CPU.Build.0 = Debug|Any CPU
		{42B4D7D5-191D-45D6-9BA8-2AF5B3F4F78C}.Release|Any CPU.ActiveCfg = Release|Any CPU
		{42B4D7D5-191D-45D6-9BA8-2AF5B3F4F78C}.Release|Any CPU.Build.0 = Release|Any CPU
		{045BCDB5-4E13-46C0-AE0F-7B073267B8B5}.Debug|Any CPU.ActiveCfg = Debug|Any CPU
		{045BCDB5-4E13-46C0-AE0F-7B073267B8B5}.Debug|Any CPU.Build.0 = Debug|Any CPU
		{045BCDB5-4E13-46C0-AE0F-7B073267B8B5}.Release|Any CPU.ActiveCfg = Release|Any CPU
		{045BCDB5-4E13-46C0-AE0F-7B073267B8B5}.Release|Any CPU.Build.0 = Release|Any CPU
		{CD7C64C6-E7C8-4195-8E52-E8869B413504}.Debug|Any CPU.ActiveCfg = Debug|Any CPU
		{CD7C64C6-E7C8-4195-8E52-E8869B413504}.Debug|Any CPU.Build.0 = Debug|Any CPU
		{CD7C64C6-E7C8-4195-8E52-E8869B413504}.Release|Any CPU.ActiveCfg = Release|Any CPU
		{CD7C64C6-E7C8-4195-8E52-E8869B413504}.Release|Any CPU.Build.0 = Release|Any CPU
		{D8039A4B-3490-4F19-988C-2A56CF8977B9}.Debug|Any CPU.ActiveCfg = Debug|Any CPU
		{D8039A4B-3490-4F19-988C-2A56CF8977B9}.Debug|Any CPU.Build.0 = Debug|Any CPU
		{D8039A4B-3490-4F19-988C-2A56CF8977B9}.Release|Any CPU.ActiveCfg = Release|Any CPU
		{D8039A4B-3490-4F19-988C-2A56CF8977B9}.Release|Any CPU.Build.0 = Release|Any CPU
		{B97DC260-C3A2-4F2F-BB8D-E685F92DF642}.Debug|Any CPU.ActiveCfg = Debug|Any CPU
		{B97DC260-C3A2-4F2F-BB8D-E685F92DF642}.Debug|Any CPU.Build.0 = Debug|Any CPU
		{B97DC260-C3A2-4F2F-BB8D-E685F92DF642}.Release|Any CPU.ActiveCfg = Release|Any CPU
		{B97DC260-C3A2-4F2F-BB8D-E685F92DF642}.Release|Any CPU.Build.0 = Release|Any CPU
		{F4AEF0A4-ABEB-4241-90E8-2D37F9D0374F}.Debug|Any CPU.ActiveCfg = Debug|Any CPU
		{F4AEF0A4-ABEB-4241-90E8-2D37F9D0374F}.Debug|Any CPU.Build.0 = Debug|Any CPU
		{F4AEF0A4-ABEB-4241-90E8-2D37F9D0374F}.Release|Any CPU.ActiveCfg = Release|Any CPU
		{F4AEF0A4-ABEB-4241-90E8-2D37F9D0374F}.Release|Any CPU.Build.0 = Release|Any CPU
		{6EA72BCC-301E-4DB7-B751-F6E1781EC391}.Debug|Any CPU.ActiveCfg = Debug|Any CPU
		{6EA72BCC-301E-4DB7-B751-F6E1781EC391}.Debug|Any CPU.Build.0 = Debug|Any CPU
		{6EA72BCC-301E-4DB7-B751-F6E1781EC391}.Release|Any CPU.ActiveCfg = Release|Any CPU
		{6EA72BCC-301E-4DB7-B751-F6E1781EC391}.Release|Any CPU.Build.0 = Release|Any CPU
	EndGlobalSection
	GlobalSection(SolutionProperties) = preSolution
		HideSolutionNode = FALSE
	EndGlobalSection
	GlobalSection(ExtensibilityGlobals) = postSolution
		SolutionGuid = {886C5DE6-5722-464D-97A7-555E998B29BF}
	EndGlobalSection
EndGlobal
