
Microsoft Visual Studio Solution File, Format Version 12.00
# Visual Studio 15
VisualStudioVersion = 15.0.28307.329
MinimumVisualStudioVersion = 10.0.40219.1
Project("{FAE04EC0-301F-11D3-BF4B-00C04F79EFBC}") = "01. Student Information", "01. Student Information\01. Student Information.csproj", "{DA96C98C-3550-4790-B76A-AF4043FAEE37}"
EndProject
Project("{FAE04EC0-301F-11D3-BF4B-00C04F79EFBC}") = "02. Passed", "02. Passed\02. Passed.csproj", "{767BCEFF-7EE4-444B-B348-414761CA8B74}"
EndProject
Project("{FAE04EC0-301F-11D3-BF4B-00C04F79EFBC}") = "03. Passed or Failed", "03. Passed or Failed\03. Passed or Failed.csproj", "{4D046BD1-61B0-47CC-B572-CF66EE6CF6D2}"
EndProject
Project("{FAE04EC0-301F-11D3-BF4B-00C04F79EFBC}") = "04. Back in 30 Minutes", "04. Back in 30 Minutes\04. Back in 30 Minutes.csproj", "{20263C57-B472-416A-9FA1-4DF38486F79C}"
EndProject
Project("{FAE04EC0-301F-11D3-BF4B-00C04F79EFBC}") = "05. Month Printer", "05. Month Printer\05. Month Printer.csproj", "{5F03D9D3-17EF-4D50-BDCB-D6B85B8ED08B}"
EndProject
Project("{FAE04EC0-301F-11D3-BF4B-00C04F79EFBC}") = "06. Foreign Languages", "06. Foreign Languages\06. Foreign Languages.csproj", "{67839114-9F92-4EE8-B10B-B6883C19E665}"
EndProject
Project("{FAE04EC0-301F-11D3-BF4B-00C04F79EFBC}") = "07. Theater Promotion", "07. Theater Promotion\07. Theater Promotion.csproj", "{C6063B66-FF89-40AA-BD59-4C178D4E1CB2}"
EndProject
Project("{FAE04EC0-301F-11D3-BF4B-00C04F79EFBC}") = "08. Divisible by 3", "08. Divisible by 3\08. Divisible by 3.csproj", "{352B8C6E-00B2-4582-920A-6A57BFCB67B4}"
EndProject
Project("{FAE04EC0-301F-11D3-BF4B-00C04F79EFBC}") = "09. Sum of Odd Numbers", "09. Sum of Odd Numbers\09. Sum of Odd Numbers.csproj", "{E65C89D7-CF61-4657-A07B-FBB5A29F19A1}"
EndProject
Project("{FAE04EC0-301F-11D3-BF4B-00C04F79EFBC}") = "10. Multiplication Table", "10. Multiplication Table\10. Multiplication Table.csproj", "{698B3C34-E0CA-4292-8D09-488FEF273851}"
EndProject
Project("{FAE04EC0-301F-11D3-BF4B-00C04F79EFBC}") = "11. Multiplication Table 2.0", "11. Multiplication Table 2.0\11. Multiplication Table 2.0.csproj", "{1310F3AB-2372-4FE3-8114-9B3165D12266}"
EndProject
Project("{FAE04EC0-301F-11D3-BF4B-00C04F79EFBC}") = "12. Even Number", "12. Even Number\12. Even Number.csproj", "{47D3E11C-B174-4407-91C8-46C95157D4A6}"
EndProject
Project("{FAE04EC0-301F-11D3-BF4B-00C04F79EFBC}") = "13. Holidays Between Two Dates", "13. Holidays Between Two Dates\13. Holidays Between Two Dates.csproj", "{54C8E85C-B7E8-43B4-AF9D-DA981AE72ED5}"
EndProject
Global
	GlobalSection(SolutionConfigurationPlatforms) = preSolution
		Debug|Any CPU = Debug|Any CPU
		Release|Any CPU = Release|Any CPU
	EndGlobalSection
	GlobalSection(ProjectConfigurationPlatforms) = postSolution
		{DA96C98C-3550-4790-B76A-AF4043FAEE37}.Debug|Any CPU.ActiveCfg = Debug|Any CPU
		{DA96C98C-3550-4790-B76A-AF4043FAEE37}.Debug|Any CPU.Build.0 = Debug|Any CPU
		{DA96C98C-3550-4790-B76A-AF4043FAEE37}.Release|Any CPU.ActiveCfg = Release|Any CPU
		{DA96C98C-3550-4790-B76A-AF4043FAEE37}.Release|Any CPU.Build.0 = Release|Any CPU
		{767BCEFF-7EE4-444B-B348-414761CA8B74}.Debug|Any CPU.ActiveCfg = Debug|Any CPU
		{767BCEFF-7EE4-444B-B348-414761CA8B74}.Debug|Any CPU.Build.0 = Debug|Any CPU
		{767BCEFF-7EE4-444B-B348-414761CA8B74}.Release|Any CPU.ActiveCfg = Release|Any CPU
		{767BCEFF-7EE4-444B-B348-414761CA8B74}.Release|Any CPU.Build.0 = Release|Any CPU
		{4D046BD1-61B0-47CC-B572-CF66EE6CF6D2}.Debug|Any CPU.ActiveCfg = Debug|Any CPU
		{4D046BD1-61B0-47CC-B572-CF66EE6CF6D2}.Debug|Any CPU.Build.0 = Debug|Any CPU
		{4D046BD1-61B0-47CC-B572-CF66EE6CF6D2}.Release|Any CPU.ActiveCfg = Release|Any CPU
		{4D046BD1-61B0-47CC-B572-CF66EE6CF6D2}.Release|Any CPU.Build.0 = Release|Any CPU
		{20263C57-B472-416A-9FA1-4DF38486F79C}.Debug|Any CPU.ActiveCfg = Debug|Any CPU
		{20263C57-B472-416A-9FA1-4DF38486F79C}.Debug|Any CPU.Build.0 = Debug|Any CPU
		{20263C57-B472-416A-9FA1-4DF38486F79C}.Release|Any CPU.ActiveCfg = Release|Any CPU
		{20263C57-B472-416A-9FA1-4DF38486F79C}.Release|Any CPU.Build.0 = Release|Any CPU
		{5F03D9D3-17EF-4D50-BDCB-D6B85B8ED08B}.Debug|Any CPU.ActiveCfg = Debug|Any CPU
		{5F03D9D3-17EF-4D50-BDCB-D6B85B8ED08B}.Debug|Any CPU.Build.0 = Debug|Any CPU
		{5F03D9D3-17EF-4D50-BDCB-D6B85B8ED08B}.Release|Any CPU.ActiveCfg = Release|Any CPU
		{5F03D9D3-17EF-4D50-BDCB-D6B85B8ED08B}.Release|Any CPU.Build.0 = Release|Any CPU
		{67839114-9F92-4EE8-B10B-B6883C19E665}.Debug|Any CPU.ActiveCfg = Debug|Any CPU
		{67839114-9F92-4EE8-B10B-B6883C19E665}.Debug|Any CPU.Build.0 = Debug|Any CPU
		{67839114-9F92-4EE8-B10B-B6883C19E665}.Release|Any CPU.ActiveCfg = Release|Any CPU
		{67839114-9F92-4EE8-B10B-B6883C19E665}.Release|Any CPU.Build.0 = Release|Any CPU
		{C6063B66-FF89-40AA-BD59-4C178D4E1CB2}.Debug|Any CPU.ActiveCfg = Debug|Any CPU
		{C6063B66-FF89-40AA-BD59-4C178D4E1CB2}.Debug|Any CPU.Build.0 = Debug|Any CPU
		{C6063B66-FF89-40AA-BD59-4C178D4E1CB2}.Release|Any CPU.ActiveCfg = Release|Any CPU
		{C6063B66-FF89-40AA-BD59-4C178D4E1CB2}.Release|Any CPU.Build.0 = Release|Any CPU
		{352B8C6E-00B2-4582-920A-6A57BFCB67B4}.Debug|Any CPU.ActiveCfg = Debug|Any CPU
		{352B8C6E-00B2-4582-920A-6A57BFCB67B4}.Debug|Any CPU.Build.0 = Debug|Any CPU
		{352B8C6E-00B2-4582-920A-6A57BFCB67B4}.Release|Any CPU.ActiveCfg = Release|Any CPU
		{352B8C6E-00B2-4582-920A-6A57BFCB67B4}.Release|Any CPU.Build.0 = Release|Any CPU
		{E65C89D7-CF61-4657-A07B-FBB5A29F19A1}.Debug|Any CPU.ActiveCfg = Debug|Any CPU
		{E65C89D7-CF61-4657-A07B-FBB5A29F19A1}.Debug|Any CPU.Build.0 = Debug|Any CPU
		{E65C89D7-CF61-4657-A07B-FBB5A29F19A1}.Release|Any CPU.ActiveCfg = Release|Any CPU
		{E65C89D7-CF61-4657-A07B-FBB5A29F19A1}.Release|Any CPU.Build.0 = Release|Any CPU
		{698B3C34-E0CA-4292-8D09-488FEF273851}.Debug|Any CPU.ActiveCfg = Debug|Any CPU
		{698B3C34-E0CA-4292-8D09-488FEF273851}.Debug|Any CPU.Build.0 = Debug|Any CPU
		{698B3C34-E0CA-4292-8D09-488FEF273851}.Release|Any CPU.ActiveCfg = Release|Any CPU
		{698B3C34-E0CA-4292-8D09-488FEF273851}.Release|Any CPU.Build.0 = Release|Any CPU
		{1310F3AB-2372-4FE3-8114-9B3165D12266}.Debug|Any CPU.ActiveCfg = Debug|Any CPU
		{1310F3AB-2372-4FE3-8114-9B3165D12266}.Debug|Any CPU.Build.0 = Debug|Any CPU
		{1310F3AB-2372-4FE3-8114-9B3165D12266}.Release|Any CPU.ActiveCfg = Release|Any CPU
		{1310F3AB-2372-4FE3-8114-9B3165D12266}.Release|Any CPU.Build.0 = Release|Any CPU
		{47D3E11C-B174-4407-91C8-46C95157D4A6}.Debug|Any CPU.ActiveCfg = Debug|Any CPU
		{47D3E11C-B174-4407-91C8-46C95157D4A6}.Debug|Any CPU.Build.0 = Debug|Any CPU
		{47D3E11C-B174-4407-91C8-46C95157D4A6}.Release|Any CPU.ActiveCfg = Release|Any CPU
		{47D3E11C-B174-4407-91C8-46C95157D4A6}.Release|Any CPU.Build.0 = Release|Any CPU
		{54C8E85C-B7E8-43B4-AF9D-DA981AE72ED5}.Debug|Any CPU.ActiveCfg = Debug|Any CPU
		{54C8E85C-B7E8-43B4-AF9D-DA981AE72ED5}.Debug|Any CPU.Build.0 = Debug|Any CPU
		{54C8E85C-B7E8-43B4-AF9D-DA981AE72ED5}.Release|Any CPU.ActiveCfg = Release|Any CPU
		{54C8E85C-B7E8-43B4-AF9D-DA981AE72ED5}.Release|Any CPU.Build.0 = Release|Any CPU
	EndGlobalSection
	GlobalSection(SolutionProperties) = preSolution
		HideSolutionNode = FALSE
	EndGlobalSection
	GlobalSection(ExtensibilityGlobals) = postSolution
		SolutionGuid = {C0D8127B-C0AF-4F84-8004-8D7E22F913CC}
	EndGlobalSection
EndGlobal
