
Microsoft Visual Studio Solution File, Format Version 12.00
# Visual Studio 15
VisualStudioVersion = 15.0.28307.329
MinimumVisualStudioVersion = 10.0.40219.1
Project("{FAE04EC0-301F-11D3-BF4B-00C04F79EFBC}") = "01", "01\01.csproj", "{B3EF5080-536D-4CE2-8F91-358CC5AE0207}"
EndProject
Project("{FAE04EC0-301F-11D3-BF4B-00C04F79EFBC}") = "02", "02\02.csproj", "{EC192550-D237-4764-860B-2C9B47F33EB9}"
EndProject
Global
	GlobalSection(SolutionConfigurationPlatforms) = preSolution
		Debug|Any CPU = Debug|Any CPU
		Release|Any CPU = Release|Any CPU
	EndGlobalSection
	GlobalSection(ProjectConfigurationPlatforms) = postSolution
		{B3EF5080-536D-4CE2-8F91-358CC5AE0207}.Debug|Any CPU.ActiveCfg = Debug|Any CPU
		{B3EF5080-536D-4CE2-8F91-358CC5AE0207}.Debug|Any CPU.Build.0 = Debug|Any CPU
		{B3EF5080-536D-4CE2-8F91-358CC5AE0207}.Release|Any CPU.ActiveCfg = Release|Any CPU
		{B3EF5080-536D-4CE2-8F91-358CC5AE0207}.Release|Any CPU.Build.0 = Release|Any CPU
		{EC192550-D237-4764-860B-2C9B47F33EB9}.Debug|Any CPU.ActiveCfg = Debug|Any CPU
		{EC192550-D237-4764-860B-2C9B47F33EB9}.Debug|Any CPU.Build.0 = Debug|Any CPU
		{EC192550-D237-4764-860B-2C9B47F33EB9}.Release|Any CPU.ActiveCfg = Release|Any CPU
		{EC192550-D237-4764-860B-2C9B47F33EB9}.Release|Any CPU.Build.0 = Release|Any CPU
	EndGlobalSection
	GlobalSection(SolutionProperties) = preSolution
		HideSolutionNode = FALSE
	EndGlobalSection
	GlobalSection(ExtensibilityGlobals) = postSolution
		SolutionGuid = {F77D1FA3-4A6C-4D1F-9D5B-4EF16FE7380B}
	EndGlobalSection
EndGlobal
