
Microsoft Visual Studio Solution File, Format Version 12.00
# Visual Studio 15
VisualStudioVersion = 15.0.28307.329
MinimumVisualStudioVersion = 10.0.40219.1
Project("{FAE04EC0-301F-11D3-BF4B-00C04F79EFBC}") = "01. Valid Usernames", "01. Valid Usernames\01. Valid Usernames.csproj", "{1A8FBCC8-FBC7-47E0-ABC5-D14E5BABE9DC}"
EndProject
Project("{FAE04EC0-301F-11D3-BF4B-00C04F79EFBC}") = "02. Character Multiplier", "02. Character Multiplier\02. Character Multiplier.csproj", "{5C975A74-0295-4DDF-896D-3E5678BB6DB6}"
EndProject
Project("{FAE04EC0-301F-11D3-BF4B-00C04F79EFBC}") = "03. Extract File", "03. Extract File\03. Extract File.csproj", "{115C1DE8-FF28-47FC-8F30-5442A6AA32B0}"
EndProject
Project("{FAE04EC0-301F-11D3-BF4B-00C04F79EFBC}") = "04. Caesar Cipher", "04. Caesar Cipher\04. Caesar Cipher.csproj", "{34A010EE-120E-4F96-AC8D-97F4E491A883}"
EndProject
Project("{FAE04EC0-301F-11D3-BF4B-00C04F79EFBC}") = "05. Multiply Big Number", "05. Multiply Big Number\05. Multiply Big Number.csproj", "{AF1AD217-9BFE-4FF9-89E6-228DB6A6FFD8}"
EndProject
Project("{FAE04EC0-301F-11D3-BF4B-00C04F79EFBC}") = "06. Replace Repeating Chars", "06. Replace Repeating Chars\06. Replace Repeating Chars.csproj", "{34159A70-25C6-4F7D-BF51-2429AD7D6F4F}"
EndProject
Project("{FAE04EC0-301F-11D3-BF4B-00C04F79EFBC}") = "07. String Explosion", "07. String Explosion\07. String Explosion.csproj", "{1D09C3F2-83FA-4BFC-A0B5-F11236F07400}"
EndProject
Project("{FAE04EC0-301F-11D3-BF4B-00C04F79EFBC}") = "08. Match Number", "08. Match Number\08. Match Number.csproj", "{613D1907-3E25-4E23-9580-D68671A6A56A}"
EndProject
Project("{FAE04EC0-301F-11D3-BF4B-00C04F79EFBC}") = "09. Star Enigma", "09. Star Enigma\09. Star Enigma.csproj", "{911B3ED6-B870-45B1-ACB4-ADDFF59E65D9}"
EndProject
Project("{FAE04EC0-301F-11D3-BF4B-00C04F79EFBC}") = "10. Rage Quit", "10. Rage Quit\10. Rage Quit.csproj", "{427041AA-A855-4DB1-AAAD-4530E1C381C9}"
EndProject
Project("{FAE04EC0-301F-11D3-BF4B-00C04F79EFBC}") = "11. Letters Change Numbers", "11. Letters Change Numbers\11. Letters Change Numbers.csproj", "{6A407310-B046-434F-8FA2-F7AEC4740B46}"
EndProject
Project("{FAE04EC0-301F-11D3-BF4B-00C04F79EFBC}") = "12. SoftUni Bar Income", "12. SoftUni Bar Income\12. SoftUni Bar Income.csproj", "{286E9FE2-4CBA-4A2E-AE53-BF3EA4B1E4E0}"
EndProject
Global
	GlobalSection(SolutionConfigurationPlatforms) = preSolution
		Debug|Any CPU = Debug|Any CPU
		Release|Any CPU = Release|Any CPU
	EndGlobalSection
	GlobalSection(ProjectConfigurationPlatforms) = postSolution
		{1A8FBCC8-FBC7-47E0-ABC5-D14E5BABE9DC}.Debug|Any CPU.ActiveCfg = Debug|Any CPU
		{1A8FBCC8-FBC7-47E0-ABC5-D14E5BABE9DC}.Debug|Any CPU.Build.0 = Debug|Any CPU
		{1A8FBCC8-FBC7-47E0-ABC5-D14E5BABE9DC}.Release|Any CPU.ActiveCfg = Release|Any CPU
		{1A8FBCC8-FBC7-47E0-ABC5-D14E5BABE9DC}.Release|Any CPU.Build.0 = Release|Any CPU
		{5C975A74-0295-4DDF-896D-3E5678BB6DB6}.Debug|Any CPU.ActiveCfg = Debug|Any CPU
		{5C975A74-0295-4DDF-896D-3E5678BB6DB6}.Debug|Any CPU.Build.0 = Debug|Any CPU
		{5C975A74-0295-4DDF-896D-3E5678BB6DB6}.Release|Any CPU.ActiveCfg = Release|Any CPU
		{5C975A74-0295-4DDF-896D-3E5678BB6DB6}.Release|Any CPU.Build.0 = Release|Any CPU
		{115C1DE8-FF28-47FC-8F30-5442A6AA32B0}.Debug|Any CPU.ActiveCfg = Debug|Any CPU
		{115C1DE8-FF28-47FC-8F30-5442A6AA32B0}.Debug|Any CPU.Build.0 = Debug|Any CPU
		{115C1DE8-FF28-47FC-8F30-5442A6AA32B0}.Release|Any CPU.ActiveCfg = Release|Any CPU
		{115C1DE8-FF28-47FC-8F30-5442A6AA32B0}.Release|Any CPU.Build.0 = Release|Any CPU
		{34A010EE-120E-4F96-AC8D-97F4E491A883}.Debug|Any CPU.ActiveCfg = Debug|Any CPU
		{34A010EE-120E-4F96-AC8D-97F4E491A883}.Debug|Any CPU.Build.0 = Debug|Any CPU
		{34A010EE-120E-4F96-AC8D-97F4E491A883}.Release|Any CPU.ActiveCfg = Release|Any CPU
		{34A010EE-120E-4F96-AC8D-97F4E491A883}.Release|Any CPU.Build.0 = Release|Any CPU
		{AF1AD217-9BFE-4FF9-89E6-228DB6A6FFD8}.Debug|Any CPU.ActiveCfg = Debug|Any CPU
		{AF1AD217-9BFE-4FF9-89E6-228DB6A6FFD8}.Debug|Any CPU.Build.0 = Debug|Any CPU
		{AF1AD217-9BFE-4FF9-89E6-228DB6A6FFD8}.Release|Any CPU.ActiveCfg = Release|Any CPU
		{AF1AD217-9BFE-4FF9-89E6-228DB6A6FFD8}.Release|Any CPU.Build.0 = Release|Any CPU
		{34159A70-25C6-4F7D-BF51-2429AD7D6F4F}.Debug|Any CPU.ActiveCfg = Debug|Any CPU
		{34159A70-25C6-4F7D-BF51-2429AD7D6F4F}.Debug|Any CPU.Build.0 = Debug|Any CPU
		{34159A70-25C6-4F7D-BF51-2429AD7D6F4F}.Release|Any CPU.ActiveCfg = Release|Any CPU
		{34159A70-25C6-4F7D-BF51-2429AD7D6F4F}.Release|Any CPU.Build.0 = Release|Any CPU
		{1D09C3F2-83FA-4BFC-A0B5-F11236F07400}.Debug|Any CPU.ActiveCfg = Debug|Any CPU
		{1D09C3F2-83FA-4BFC-A0B5-F11236F07400}.Debug|Any CPU.Build.0 = Debug|Any CPU
		{1D09C3F2-83FA-4BFC-A0B5-F11236F07400}.Release|Any CPU.ActiveCfg = Release|Any CPU
		{1D09C3F2-83FA-4BFC-A0B5-F11236F07400}.Release|Any CPU.Build.0 = Release|Any CPU
		{613D1907-3E25-4E23-9580-D68671A6A56A}.Debug|Any CPU.ActiveCfg = Debug|Any CPU
		{613D1907-3E25-4E23-9580-D68671A6A56A}.Debug|Any CPU.Build.0 = Debug|Any CPU
		{613D1907-3E25-4E23-9580-D68671A6A56A}.Release|Any CPU.ActiveCfg = Release|Any CPU
		{613D1907-3E25-4E23-9580-D68671A6A56A}.Release|Any CPU.Build.0 = Release|Any CPU
		{911B3ED6-B870-45B1-ACB4-ADDFF59E65D9}.Debug|Any CPU.ActiveCfg = Debug|Any CPU
		{911B3ED6-B870-45B1-ACB4-ADDFF59E65D9}.Debug|Any CPU.Build.0 = Debug|Any CPU
		{911B3ED6-B870-45B1-ACB4-ADDFF59E65D9}.Release|Any CPU.ActiveCfg = Release|Any CPU
		{911B3ED6-B870-45B1-ACB4-ADDFF59E65D9}.Release|Any CPU.Build.0 = Release|Any CPU
		{427041AA-A855-4DB1-AAAD-4530E1C381C9}.Debug|Any CPU.ActiveCfg = Debug|Any CPU
		{427041AA-A855-4DB1-AAAD-4530E1C381C9}.Debug|Any CPU.Build.0 = Debug|Any CPU
		{427041AA-A855-4DB1-AAAD-4530E1C381C9}.Release|Any CPU.ActiveCfg = Release|Any CPU
		{427041AA-A855-4DB1-AAAD-4530E1C381C9}.Release|Any CPU.Build.0 = Release|Any CPU
		{6A407310-B046-434F-8FA2-F7AEC4740B46}.Debug|Any CPU.ActiveCfg = Debug|Any CPU
		{6A407310-B046-434F-8FA2-F7AEC4740B46}.Debug|Any CPU.Build.0 = Debug|Any CPU
		{6A407310-B046-434F-8FA2-F7AEC4740B46}.Release|Any CPU.ActiveCfg = Release|Any CPU
		{6A407310-B046-434F-8FA2-F7AEC4740B46}.Release|Any CPU.Build.0 = Release|Any CPU
		{286E9FE2-4CBA-4A2E-AE53-BF3EA4B1E4E0}.Debug|Any CPU.ActiveCfg = Debug|Any CPU
		{286E9FE2-4CBA-4A2E-AE53-BF3EA4B1E4E0}.Debug|Any CPU.Build.0 = Debug|Any CPU
		{286E9FE2-4CBA-4A2E-AE53-BF3EA4B1E4E0}.Release|Any CPU.ActiveCfg = Release|Any CPU
		{286E9FE2-4CBA-4A2E-AE53-BF3EA4B1E4E0}.Release|Any CPU.Build.0 = Release|Any CPU
	EndGlobalSection
	GlobalSection(SolutionProperties) = preSolution
		HideSolutionNode = FALSE
	EndGlobalSection
	GlobalSection(ExtensibilityGlobals) = postSolution
		SolutionGuid = {079B84CA-0F35-430A-A1FD-CB6AACD039EB}
	EndGlobalSection
EndGlobal
