
Microsoft Visual Studio Solution File, Format Version 12.00
# Visual Studio 15
VisualStudioVersion = 15.0.28307.329
MinimumVisualStudioVersion = 10.0.40219.1
Project("{FAE04EC0-301F-11D3-BF4B-00C04F79EFBC}") = "01. Encrypt, Sort and Print Array", "01. Encrypt, Sort and Print Array\01. Encrypt, Sort and Print Array.csproj", "{D5444E67-47FD-4EF4-9277-61003E0477D4}"
EndProject
Project("{FAE04EC0-301F-11D3-BF4B-00C04F79EFBC}") = "02. Pascal Triangle", "02. Pascal Triangle\02. Pascal Triangle.csproj", "{B2F448FC-3395-4D2C-96F9-D5114EE08792}"
EndProject
Project("{FAE04EC0-301F-11D3-BF4B-00C04F79EFBC}") = "03. Recursive Fibonacci", "03. Recursive Fibonacci\03. Recursive Fibonacci.csproj", "{02AD98AF-0944-4A3D-BD85-441AAA6B2952}"
EndProject
Project("{FAE04EC0-301F-11D3-BF4B-00C04F79EFBC}") = "04. Fold and Sum", "04. Fold and Sum\04. Fold and Sum.csproj", "{C2938FFF-771E-4DF7-949C-06F8ACED5E8D}"
EndProject
Project("{FAE04EC0-301F-11D3-BF4B-00C04F79EFBC}") = "05. Longest Increasing Subsequence", "05. Longest Increasing Subsequence\05. Longest Increasing Subsequence.csproj", "{BAD185E7-DD6B-446D-A3A0-563867EC0133}"
EndProject
Global
	GlobalSection(SolutionConfigurationPlatforms) = preSolution
		Debug|Any CPU = Debug|Any CPU
		Release|Any CPU = Release|Any CPU
	EndGlobalSection
	GlobalSection(ProjectConfigurationPlatforms) = postSolution
		{D5444E67-47FD-4EF4-9277-61003E0477D4}.Debug|Any CPU.ActiveCfg = Debug|Any CPU
		{D5444E67-47FD-4EF4-9277-61003E0477D4}.Debug|Any CPU.Build.0 = Debug|Any CPU
		{D5444E67-47FD-4EF4-9277-61003E0477D4}.Release|Any CPU.ActiveCfg = Release|Any CPU
		{D5444E67-47FD-4EF4-9277-61003E0477D4}.Release|Any CPU.Build.0 = Release|Any CPU
		{B2F448FC-3395-4D2C-96F9-D5114EE08792}.Debug|Any CPU.ActiveCfg = Debug|Any CPU
		{B2F448FC-3395-4D2C-96F9-D5114EE08792}.Debug|Any CPU.Build.0 = Debug|Any CPU
		{B2F448FC-3395-4D2C-96F9-D5114EE08792}.Release|Any CPU.ActiveCfg = Release|Any CPU
		{B2F448FC-3395-4D2C-96F9-D5114EE08792}.Release|Any CPU.Build.0 = Release|Any CPU
		{02AD98AF-0944-4A3D-BD85-441AAA6B2952}.Debug|Any CPU.ActiveCfg = Debug|Any CPU
		{02AD98AF-0944-4A3D-BD85-441AAA6B2952}.Debug|Any CPU.Build.0 = Debug|Any CPU
		{02AD98AF-0944-4A3D-BD85-441AAA6B2952}.Release|Any CPU.ActiveCfg = Release|Any CPU
		{02AD98AF-0944-4A3D-BD85-441AAA6B2952}.Release|Any CPU.Build.0 = Release|Any CPU
		{C2938FFF-771E-4DF7-949C-06F8ACED5E8D}.Debug|Any CPU.ActiveCfg = Debug|Any CPU
		{C2938FFF-771E-4DF7-949C-06F8ACED5E8D}.Debug|Any CPU.Build.0 = Debug|Any CPU
		{C2938FFF-771E-4DF7-949C-06F8ACED5E8D}.Release|Any CPU.ActiveCfg = Release|Any CPU
		{C2938FFF-771E-4DF7-949C-06F8ACED5E8D}.Release|Any CPU.Build.0 = Release|Any CPU
		{BAD185E7-DD6B-446D-A3A0-563867EC0133}.Debug|Any CPU.ActiveCfg = Debug|Any CPU
		{BAD185E7-DD6B-446D-A3A0-563867EC0133}.Debug|Any CPU.Build.0 = Debug|Any CPU
		{BAD185E7-DD6B-446D-A3A0-563867EC0133}.Release|Any CPU.ActiveCfg = Release|Any CPU
		{BAD185E7-DD6B-446D-A3A0-563867EC0133}.Release|Any CPU.Build.0 = Release|Any CPU
	EndGlobalSection
	GlobalSection(SolutionProperties) = preSolution
		HideSolutionNode = FALSE
	EndGlobalSection
	GlobalSection(ExtensibilityGlobals) = postSolution
		SolutionGuid = {85C025D8-23A2-4085-84FF-E001643631B2}
	EndGlobalSection
EndGlobal
