
Microsoft Visual Studio Solution File, Format Version 12.00
# Visual Studio 15
VisualStudioVersion = 15.0.28010.2046
MinimumVisualStudioVersion = 10.0.40219.1
Project("{FAE04EC0-301F-11D3-BF4B-00C04F79EFBC}") = "01. Hello SoftUni", "01. Hello SoftUni\01. Hello SoftUni.csproj", "{5C45CECE-8F25-4F21-BE7C-EFD41300B76B}"
EndProject
Project("{FAE04EC0-301F-11D3-BF4B-00C04F79EFBC}") = "02. Expression", "02. Expression\02. Expression.csproj", "{5410F04E-A2C7-418B-B0A8-4CD0B4BFB847}"
EndProject
Project("{FAE04EC0-301F-11D3-BF4B-00C04F79EFBC}") = "03. Nums 1 to 20", "03. Nums 1 to 20\03. Nums 1 to 20.csproj", "{4D96E3BA-8674-4191-A45B-61ECB1CA31EB}"
EndProject
Project("{FAE04EC0-301F-11D3-BF4B-00C04F79EFBC}") = "04. Nums 1 to 20 easy", "03. Nums 1 to 20 easy\04. Nums 1 to 20 easy.csproj", "{AF16DB13-0105-46CA-AE3F-0416BB4832D5}"
EndProject
Project("{FAE04EC0-301F-11D3-BF4B-00C04F79EFBC}") = "05. Rectangle Area", "04. Rectangle Area\05. Rectangle Area.csproj", "{CEC28543-F46A-4139-B42C-7688EC677589}"
EndProject
Global
	GlobalSection(SolutionConfigurationPlatforms) = preSolution
		Debug|Any CPU = Debug|Any CPU
		Release|Any CPU = Release|Any CPU
	EndGlobalSection
	GlobalSection(ProjectConfigurationPlatforms) = postSolution
		{5C45CECE-8F25-4F21-BE7C-EFD41300B76B}.Debug|Any CPU.ActiveCfg = Debug|Any CPU
		{5C45CECE-8F25-4F21-BE7C-EFD41300B76B}.Debug|Any CPU.Build.0 = Debug|Any CPU
		{5C45CECE-8F25-4F21-BE7C-EFD41300B76B}.Release|Any CPU.ActiveCfg = Release|Any CPU
		{5C45CECE-8F25-4F21-BE7C-EFD41300B76B}.Release|Any CPU.Build.0 = Release|Any CPU
		{5410F04E-A2C7-418B-B0A8-4CD0B4BFB847}.Debug|Any CPU.ActiveCfg = Debug|Any CPU
		{5410F04E-A2C7-418B-B0A8-4CD0B4BFB847}.Debug|Any CPU.Build.0 = Debug|Any CPU
		{5410F04E-A2C7-418B-B0A8-4CD0B4BFB847}.Release|Any CPU.ActiveCfg = Release|Any CPU
		{5410F04E-A2C7-418B-B0A8-4CD0B4BFB847}.Release|Any CPU.Build.0 = Release|Any CPU
		{4D96E3BA-8674-4191-A45B-61ECB1CA31EB}.Debug|Any CPU.ActiveCfg = Debug|Any CPU
		{4D96E3BA-8674-4191-A45B-61ECB1CA31EB}.Debug|Any CPU.Build.0 = Debug|Any CPU
		{4D96E3BA-8674-4191-A45B-61ECB1CA31EB}.Release|Any CPU.ActiveCfg = Release|Any CPU
		{4D96E3BA-8674-4191-A45B-61ECB1CA31EB}.Release|Any CPU.Build.0 = Release|Any CPU
		{AF16DB13-0105-46CA-AE3F-0416BB4832D5}.Debug|Any CPU.ActiveCfg = Debug|Any CPU
		{AF16DB13-0105-46CA-AE3F-0416BB4832D5}.Debug|Any CPU.Build.0 = Debug|Any CPU
		{AF16DB13-0105-46CA-AE3F-0416BB4832D5}.Release|Any CPU.ActiveCfg = Release|Any CPU
		{AF16DB13-0105-46CA-AE3F-0416BB4832D5}.Release|Any CPU.Build.0 = Release|Any CPU
		{CEC28543-F46A-4139-B42C-7688EC677589}.Debug|Any CPU.ActiveCfg = Debug|Any CPU
		{CEC28543-F46A-4139-B42C-7688EC677589}.Debug|Any CPU.Build.0 = Debug|Any CPU
		{CEC28543-F46A-4139-B42C-7688EC677589}.Release|Any CPU.ActiveCfg = Release|Any CPU
		{CEC28543-F46A-4139-B42C-7688EC677589}.Release|Any CPU.Build.0 = Release|Any CPU
	EndGlobalSection
	GlobalSection(SolutionProperties) = preSolution
		HideSolutionNode = FALSE
	EndGlobalSection
	GlobalSection(ExtensibilityGlobals) = postSolution
		SolutionGuid = {E273D14E-0E93-4B1F-B1AA-898E9B614812}
	EndGlobalSection
EndGlobal
