
Microsoft Visual Studio Solution File, Format Version 12.00
# Visual Studio 15
VisualStudioVersion = 15.0.28307.329
MinimumVisualStudioVersion = 10.0.40219.1
Project("{FAE04EC0-301F-11D3-BF4B-00C04F79EFBC}") = "01. Train", "01. Train\01. Train.csproj", "{4137A201-6125-43BD-8C21-1179EB5C3983}"
EndProject
Project("{FAE04EC0-301F-11D3-BF4B-00C04F79EFBC}") = "02. Change List", "02. Change List\02. Change List.csproj", "{5A10DE36-0C57-45A4-93FE-C43E58B88301}"
EndProject
Project("{FAE04EC0-301F-11D3-BF4B-00C04F79EFBC}") = "03. House Party", "03. House Party\03. House Party.csproj", "{E755C12C-BD00-4BD1-81D6-3BD2D1C4D11F}"
EndProject
Project("{FAE04EC0-301F-11D3-BF4B-00C04F79EFBC}") = "04. List Operations", "04. List Operations\04. List Operations.csproj", "{2CCE9E91-62EA-4B57-9945-E288F76CCE21}"
EndProject
Project("{FAE04EC0-301F-11D3-BF4B-00C04F79EFBC}") = "05. Bomb Numbers", "05. Bomb Numbers\05. Bomb Numbers.csproj", "{3CAA145A-9878-448E-95D8-71D38201C02E}"
EndProject
Project("{FAE04EC0-301F-11D3-BF4B-00C04F79EFBC}") = "06. Cards Game", "06. Cards Game\06. Cards Game.csproj", "{14378AF1-CABD-48EA-AA18-89143E4AD7DB}"
EndProject
Project("{FAE04EC0-301F-11D3-BF4B-00C04F79EFBC}") = "07. Append Arrays", "07. Append Arrays\07. Append Arrays.csproj", "{953B7304-C5E9-45F7-9C29-F96C43B4426E}"
EndProject
Project("{FAE04EC0-301F-11D3-BF4B-00C04F79EFBC}") = "08. Anonymous Threat", "08. Anonymous Threat\08. Anonymous Threat.csproj", "{B57F2336-2070-4F87-AC5F-C2B0B8A5EB11}"
EndProject
Project("{FAE04EC0-301F-11D3-BF4B-00C04F79EFBC}") = "09. Pokemon Don't Go", "09. Pokemon Don't Go\09. Pokemon Don't Go.csproj", "{D99AAB48-9662-47C3-937C-5975E37C8DA4}"
EndProject
Project("{FAE04EC0-301F-11D3-BF4B-00C04F79EFBC}") = "10. SoftUni Course Planning", "10. SoftUni Course Planning\10. SoftUni Course Planning.csproj", "{4270488A-4A9C-4740-AFD1-FA79C9BFA214}"
EndProject
Global
	GlobalSection(SolutionConfigurationPlatforms) = preSolution
		Debug|Any CPU = Debug|Any CPU
		Release|Any CPU = Release|Any CPU
	EndGlobalSection
	GlobalSection(ProjectConfigurationPlatforms) = postSolution
		{4137A201-6125-43BD-8C21-1179EB5C3983}.Debug|Any CPU.ActiveCfg = Debug|Any CPU
		{4137A201-6125-43BD-8C21-1179EB5C3983}.Debug|Any CPU.Build.0 = Debug|Any CPU
		{4137A201-6125-43BD-8C21-1179EB5C3983}.Release|Any CPU.ActiveCfg = Release|Any CPU
		{4137A201-6125-43BD-8C21-1179EB5C3983}.Release|Any CPU.Build.0 = Release|Any CPU
		{5A10DE36-0C57-45A4-93FE-C43E58B88301}.Debug|Any CPU.ActiveCfg = Debug|Any CPU
		{5A10DE36-0C57-45A4-93FE-C43E58B88301}.Debug|Any CPU.Build.0 = Debug|Any CPU
		{5A10DE36-0C57-45A4-93FE-C43E58B88301}.Release|Any CPU.ActiveCfg = Release|Any CPU
		{5A10DE36-0C57-45A4-93FE-C43E58B88301}.Release|Any CPU.Build.0 = Release|Any CPU
		{E755C12C-BD00-4BD1-81D6-3BD2D1C4D11F}.Debug|Any CPU.ActiveCfg = Debug|Any CPU
		{E755C12C-BD00-4BD1-81D6-3BD2D1C4D11F}.Debug|Any CPU.Build.0 = Debug|Any CPU
		{E755C12C-BD00-4BD1-81D6-3BD2D1C4D11F}.Release|Any CPU.ActiveCfg = Release|Any CPU
		{E755C12C-BD00-4BD1-81D6-3BD2D1C4D11F}.Release|Any CPU.Build.0 = Release|Any CPU
		{2CCE9E91-62EA-4B57-9945-E288F76CCE21}.Debug|Any CPU.ActiveCfg = Debug|Any CPU
		{2CCE9E91-62EA-4B57-9945-E288F76CCE21}.Debug|Any CPU.Build.0 = Debug|Any CPU
		{2CCE9E91-62EA-4B57-9945-E288F76CCE21}.Release|Any CPU.ActiveCfg = Release|Any CPU
		{2CCE9E91-62EA-4B57-9945-E288F76CCE21}.Release|Any CPU.Build.0 = Release|Any CPU
		{3CAA145A-9878-448E-95D8-71D38201C02E}.Debug|Any CPU.ActiveCfg = Debug|Any CPU
		{3CAA145A-9878-448E-95D8-71D38201C02E}.Debug|Any CPU.Build.0 = Debug|Any CPU
		{3CAA145A-9878-448E-95D8-71D38201C02E}.Release|Any CPU.ActiveCfg = Release|Any CPU
		{3CAA145A-9878-448E-95D8-71D38201C02E}.Release|Any CPU.Build.0 = Release|Any CPU
		{14378AF1-CABD-48EA-AA18-89143E4AD7DB}.Debug|Any CPU.ActiveCfg = Debug|Any CPU
		{14378AF1-CABD-48EA-AA18-89143E4AD7DB}.Debug|Any CPU.Build.0 = Debug|Any CPU
		{14378AF1-CABD-48EA-AA18-89143E4AD7DB}.Release|Any CPU.ActiveCfg = Release|Any CPU
		{14378AF1-CABD-48EA-AA18-89143E4AD7DB}.Release|Any CPU.Build.0 = Release|Any CPU
		{953B7304-C5E9-45F7-9C29-F96C43B4426E}.Debug|Any CPU.ActiveCfg = Debug|Any CPU
		{953B7304-C5E9-45F7-9C29-F96C43B4426E}.Debug|Any CPU.Build.0 = Debug|Any CPU
		{953B7304-C5E9-45F7-9C29-F96C43B4426E}.Release|Any CPU.ActiveCfg = Release|Any CPU
		{953B7304-C5E9-45F7-9C29-F96C43B4426E}.Release|Any CPU.Build.0 = Release|Any CPU
		{B57F2336-2070-4F87-AC5F-C2B0B8A5EB11}.Debug|Any CPU.ActiveCfg = Debug|Any CPU
		{B57F2336-2070-4F87-AC5F-C2B0B8A5EB11}.Debug|Any CPU.Build.0 = Debug|Any CPU
		{B57F2336-2070-4F87-AC5F-C2B0B8A5EB11}.Release|Any CPU.ActiveCfg = Release|Any CPU
		{B57F2336-2070-4F87-AC5F-C2B0B8A5EB11}.Release|Any CPU.Build.0 = Release|Any CPU
		{D99AAB48-9662-47C3-937C-5975E37C8DA4}.Debug|Any CPU.ActiveCfg = Debug|Any CPU
		{D99AAB48-9662-47C3-937C-5975E37C8DA4}.Debug|Any CPU.Build.0 = Debug|Any CPU
		{D99AAB48-9662-47C3-937C-5975E37C8DA4}.Release|Any CPU.ActiveCfg = Release|Any CPU
		{D99AAB48-9662-47C3-937C-5975E37C8DA4}.Release|Any CPU.Build.0 = Release|Any CPU
		{4270488A-4A9C-4740-AFD1-FA79C9BFA214}.Debug|Any CPU.ActiveCfg = Debug|Any CPU
		{4270488A-4A9C-4740-AFD1-FA79C9BFA214}.Debug|Any CPU.Build.0 = Debug|Any CPU
		{4270488A-4A9C-4740-AFD1-FA79C9BFA214}.Release|Any CPU.ActiveCfg = Release|Any CPU
		{4270488A-4A9C-4740-AFD1-FA79C9BFA214}.Release|Any CPU.Build.0 = Release|Any CPU
	EndGlobalSection
	GlobalSection(SolutionProperties) = preSolution
		HideSolutionNode = FALSE
	EndGlobalSection
	GlobalSection(ExtensibilityGlobals) = postSolution
		SolutionGuid = {365CF8A6-4066-46B7-AF1D-6903C95A94A3}
	EndGlobalSection
EndGlobal
