
Microsoft Visual Studio Solution File, Format Version 12.00
# Visual Studio 15
VisualStudioVersion = 15.0.28307.329
MinimumVisualStudioVersion = 10.0.40219.1
Project("{FAE04EC0-301F-11D3-BF4B-00C04F79EFBC}") = "01. Data Type Finder", "01. Data Type Finder\01. Data Type Finder.csproj", "{315BAC9D-A206-40C4-975A-8B1282FE341B}"
EndProject
Project("{FAE04EC0-301F-11D3-BF4B-00C04F79EFBC}") = "02. From Left to The Right", "02. From Left to The Right\02. From Left to The Right.csproj", "{3C2F9D57-6F12-4218-9679-2DC00B70499A}"
EndProject
Project("{FAE04EC0-301F-11D3-BF4B-00C04F79EFBC}") = "03. Floating Equality", "03. Floating Equality\03. Floating Equality.csproj", "{FF010800-3179-4BD0-80DF-B31DAB24A629}"
EndProject
Project("{FAE04EC0-301F-11D3-BF4B-00C04F79EFBC}") = "04. Refactoring Prime Checker", "04. Refactoring Prime Checker\04. Refactoring Prime Checker.csproj", "{D308327C-5983-4C67-88A8-6AB4E9DF86A3}"
EndProject
Project("{FAE04EC0-301F-11D3-BF4B-00C04F79EFBC}") = "05. Decrypting Message", "05. Decrypting Message\05. Decrypting Message.csproj", "{01BC88A6-548B-48E1-9ADF-574F89E8621C}"
EndProject
Project("{FAE04EC0-301F-11D3-BF4B-00C04F79EFBC}") = "06. Balanced Brackets", "06. Balanced Brackets\06. Balanced Brackets.csproj", "{204E2A4B-30DA-49AF-A769-7BB7357C086E}"
EndProject
Global
	GlobalSection(SolutionConfigurationPlatforms) = preSolution
		Debug|Any CPU = Debug|Any CPU
		Release|Any CPU = Release|Any CPU
	EndGlobalSection
	GlobalSection(ProjectConfigurationPlatforms) = postSolution
		{315BAC9D-A206-40C4-975A-8B1282FE341B}.Debug|Any CPU.ActiveCfg = Debug|Any CPU
		{315BAC9D-A206-40C4-975A-8B1282FE341B}.Debug|Any CPU.Build.0 = Debug|Any CPU
		{315BAC9D-A206-40C4-975A-8B1282FE341B}.Release|Any CPU.ActiveCfg = Release|Any CPU
		{315BAC9D-A206-40C4-975A-8B1282FE341B}.Release|Any CPU.Build.0 = Release|Any CPU
		{3C2F9D57-6F12-4218-9679-2DC00B70499A}.Debug|Any CPU.ActiveCfg = Debug|Any CPU
		{3C2F9D57-6F12-4218-9679-2DC00B70499A}.Debug|Any CPU.Build.0 = Debug|Any CPU
		{3C2F9D57-6F12-4218-9679-2DC00B70499A}.Release|Any CPU.ActiveCfg = Release|Any CPU
		{3C2F9D57-6F12-4218-9679-2DC00B70499A}.Release|Any CPU.Build.0 = Release|Any CPU
		{FF010800-3179-4BD0-80DF-B31DAB24A629}.Debug|Any CPU.ActiveCfg = Debug|Any CPU
		{FF010800-3179-4BD0-80DF-B31DAB24A629}.Debug|Any CPU.Build.0 = Debug|Any CPU
		{FF010800-3179-4BD0-80DF-B31DAB24A629}.Release|Any CPU.ActiveCfg = Release|Any CPU
		{FF010800-3179-4BD0-80DF-B31DAB24A629}.Release|Any CPU.Build.0 = Release|Any CPU
		{D308327C-5983-4C67-88A8-6AB4E9DF86A3}.Debug|Any CPU.ActiveCfg = Debug|Any CPU
		{D308327C-5983-4C67-88A8-6AB4E9DF86A3}.Debug|Any CPU.Build.0 = Debug|Any CPU
		{D308327C-5983-4C67-88A8-6AB4E9DF86A3}.Release|Any CPU.ActiveCfg = Release|Any CPU
		{D308327C-5983-4C67-88A8-6AB4E9DF86A3}.Release|Any CPU.Build.0 = Release|Any CPU
		{01BC88A6-548B-48E1-9ADF-574F89E8621C}.Debug|Any CPU.ActiveCfg = Debug|Any CPU
		{01BC88A6-548B-48E1-9ADF-574F89E8621C}.Debug|Any CPU.Build.0 = Debug|Any CPU
		{01BC88A6-548B-48E1-9ADF-574F89E8621C}.Release|Any CPU.ActiveCfg = Release|Any CPU
		{01BC88A6-548B-48E1-9ADF-574F89E8621C}.Release|Any CPU.Build.0 = Release|Any CPU
		{204E2A4B-30DA-49AF-A769-7BB7357C086E}.Debug|Any CPU.ActiveCfg = Debug|Any CPU
		{204E2A4B-30DA-49AF-A769-7BB7357C086E}.Debug|Any CPU.Build.0 = Debug|Any CPU
		{204E2A4B-30DA-49AF-A769-7BB7357C086E}.Release|Any CPU.ActiveCfg = Release|Any CPU
		{204E2A4B-30DA-49AF-A769-7BB7357C086E}.Release|Any CPU.Build.0 = Release|Any CPU
	EndGlobalSection
	GlobalSection(SolutionProperties) = preSolution
		HideSolutionNode = FALSE
	EndGlobalSection
	GlobalSection(ExtensibilityGlobals) = postSolution
		SolutionGuid = {E2215BBF-8770-48C8-8EE1-61A1FF062D49}
	EndGlobalSection
EndGlobal
