
Microsoft Visual Studio Solution File, Format Version 12.00
# Visual Studio 15
VisualStudioVersion = 15.0.28307.329
MinimumVisualStudioVersion = 10.0.40219.1
Project("{FAE04EC0-301F-11D3-BF4B-00C04F79EFBC}") = "01. Extract Person Information", "01. Extract Person Information\01. Extract Person Information.csproj", "{90FDB723-4DBA-4C82-B944-B8BAA13ED13E}"
EndProject
Project("{FAE04EC0-301F-11D3-BF4B-00C04F79EFBC}") = "02. Ascii Sumator", "02. Ascii Sumator\02. Ascii Sumator.csproj", "{CE56545F-A498-43A1-95E7-BA7B79A67D2F}"
EndProject
Project("{FAE04EC0-301F-11D3-BF4B-00C04F79EFBC}") = "03. Treasure Finder", "03. Treasure Finder\03. Treasure Finder.csproj", "{B0CD4D4A-BAD7-43A4-BA56-281C312C87BC}"
EndProject
Project("{FAE04EC0-301F-11D3-BF4B-00C04F79EFBC}") = "04. Morse Code Translator", "04. Morse Code Translator\04. Morse Code Translator.csproj", "{ABB73E0A-74F3-4810-BDA7-2DB6EAA16E9D}"
EndProject
Project("{FAE04EC0-301F-11D3-BF4B-00C04F79EFBC}") = "05. HTML", "05. HTML\05. HTML.csproj", "{748836C0-4A8A-4526-8419-46F45EB1C33F}"
EndProject
Project("{FAE04EC0-301F-11D3-BF4B-00C04F79EFBC}") = "06. Winning Ticket", "06. Winning Ticket\06. Winning Ticket.csproj", "{96B45143-6772-46C4-81DE-F66AAB92B0A6}"
EndProject
Project("{FAE04EC0-301F-11D3-BF4B-00C04F79EFBC}") = "07. Nether Realms", "07. Nether Realms\07. Nether Realms.csproj", "{27D841E8-FCFC-4BE8-AC20-48AC4B29C32B}"
EndProject
Global
	GlobalSection(SolutionConfigurationPlatforms) = preSolution
		Debug|Any CPU = Debug|Any CPU
		Release|Any CPU = Release|Any CPU
	EndGlobalSection
	GlobalSection(ProjectConfigurationPlatforms) = postSolution
		{90FDB723-4DBA-4C82-B944-B8BAA13ED13E}.Debug|Any CPU.ActiveCfg = Debug|Any CPU
		{90FDB723-4DBA-4C82-B944-B8BAA13ED13E}.Debug|Any CPU.Build.0 = Debug|Any CPU
		{90FDB723-4DBA-4C82-B944-B8BAA13ED13E}.Release|Any CPU.ActiveCfg = Release|Any CPU
		{90FDB723-4DBA-4C82-B944-B8BAA13ED13E}.Release|Any CPU.Build.0 = Release|Any CPU
		{CE56545F-A498-43A1-95E7-BA7B79A67D2F}.Debug|Any CPU.ActiveCfg = Debug|Any CPU
		{CE56545F-A498-43A1-95E7-BA7B79A67D2F}.Debug|Any CPU.Build.0 = Debug|Any CPU
		{CE56545F-A498-43A1-95E7-BA7B79A67D2F}.Release|Any CPU.ActiveCfg = Release|Any CPU
		{CE56545F-A498-43A1-95E7-BA7B79A67D2F}.Release|Any CPU.Build.0 = Release|Any CPU
		{B0CD4D4A-BAD7-43A4-BA56-281C312C87BC}.Debug|Any CPU.ActiveCfg = Debug|Any CPU
		{B0CD4D4A-BAD7-43A4-BA56-281C312C87BC}.Debug|Any CPU.Build.0 = Debug|Any CPU
		{B0CD4D4A-BAD7-43A4-BA56-281C312C87BC}.Release|Any CPU.ActiveCfg = Release|Any CPU
		{B0CD4D4A-BAD7-43A4-BA56-281C312C87BC}.Release|Any CPU.Build.0 = Release|Any CPU
		{ABB73E0A-74F3-4810-BDA7-2DB6EAA16E9D}.Debug|Any CPU.ActiveCfg = Debug|Any CPU
		{ABB73E0A-74F3-4810-BDA7-2DB6EAA16E9D}.Debug|Any CPU.Build.0 = Debug|Any CPU
		{ABB73E0A-74F3-4810-BDA7-2DB6EAA16E9D}.Release|Any CPU.ActiveCfg = Release|Any CPU
		{ABB73E0A-74F3-4810-BDA7-2DB6EAA16E9D}.Release|Any CPU.Build.0 = Release|Any CPU
		{748836C0-4A8A-4526-8419-46F45EB1C33F}.Debug|Any CPU.ActiveCfg = Debug|Any CPU
		{748836C0-4A8A-4526-8419-46F45EB1C33F}.Debug|Any CPU.Build.0 = Debug|Any CPU
		{748836C0-4A8A-4526-8419-46F45EB1C33F}.Release|Any CPU.ActiveCfg = Release|Any CPU
		{748836C0-4A8A-4526-8419-46F45EB1C33F}.Release|Any CPU.Build.0 = Release|Any CPU
		{96B45143-6772-46C4-81DE-F66AAB92B0A6}.Debug|Any CPU.ActiveCfg = Debug|Any CPU
		{96B45143-6772-46C4-81DE-F66AAB92B0A6}.Debug|Any CPU.Build.0 = Debug|Any CPU
		{96B45143-6772-46C4-81DE-F66AAB92B0A6}.Release|Any CPU.ActiveCfg = Release|Any CPU
		{96B45143-6772-46C4-81DE-F66AAB92B0A6}.Release|Any CPU.Build.0 = Release|Any CPU
		{27D841E8-FCFC-4BE8-AC20-48AC4B29C32B}.Debug|Any CPU.ActiveCfg = Debug|Any CPU
		{27D841E8-FCFC-4BE8-AC20-48AC4B29C32B}.Debug|Any CPU.Build.0 = Debug|Any CPU
		{27D841E8-FCFC-4BE8-AC20-48AC4B29C32B}.Release|Any CPU.ActiveCfg = Release|Any CPU
		{27D841E8-FCFC-4BE8-AC20-48AC4B29C32B}.Release|Any CPU.Build.0 = Release|Any CPU
	EndGlobalSection
	GlobalSection(SolutionProperties) = preSolution
		HideSolutionNode = FALSE
	EndGlobalSection
	GlobalSection(ExtensibilityGlobals) = postSolution
		SolutionGuid = {0EE614ED-4B2E-467D-B689-465C33A82850}
	EndGlobalSection
EndGlobal
