
Microsoft Visual Studio Solution File, Format Version 12.00
# Visual Studio 15
VisualStudioVersion = 15.0.28307.329
MinimumVisualStudioVersion = 10.0.40219.1
Project("{FAE04EC0-301F-11D3-BF4B-00C04F79EFBC}") = "01. Christmas Spirit", "01. Christmas Spirit\01. Christmas Spirit.csproj", "{A866BBEE-AE39-4CB4-9B7E-D597F7A08DDC}"
EndProject
Project("{FAE04EC0-301F-11D3-BF4B-00C04F79EFBC}") = "02. Santa's List", "02. Santa's List\02. Santa's List.csproj", "{11FCA775-4263-4891-8E7B-5A38825EDE89}"
EndProject
Project("{FAE04EC0-301F-11D3-BF4B-00C04F79EFBC}") = "03. Present Delivery", "03. Present Delivery\03. Present Delivery.csproj", "{D94F0C07-C424-4AF6-AAE2-1EC96BA94930}"
EndProject
Global
	GlobalSection(SolutionConfigurationPlatforms) = preSolution
		Debug|Any CPU = Debug|Any CPU
		Release|Any CPU = Release|Any CPU
	EndGlobalSection
	GlobalSection(ProjectConfigurationPlatforms) = postSolution
		{A866BBEE-AE39-4CB4-9B7E-D597F7A08DDC}.Debug|Any CPU.ActiveCfg = Debug|Any CPU
		{A866BBEE-AE39-4CB4-9B7E-D597F7A08DDC}.Debug|Any CPU.Build.0 = Debug|Any CPU
		{A866BBEE-AE39-4CB4-9B7E-D597F7A08DDC}.Release|Any CPU.ActiveCfg = Release|Any CPU
		{A866BBEE-AE39-4CB4-9B7E-D597F7A08DDC}.Release|Any CPU.Build.0 = Release|Any CPU
		{11FCA775-4263-4891-8E7B-5A38825EDE89}.Debug|Any CPU.ActiveCfg = Debug|Any CPU
		{11FCA775-4263-4891-8E7B-5A38825EDE89}.Debug|Any CPU.Build.0 = Debug|Any CPU
		{11FCA775-4263-4891-8E7B-5A38825EDE89}.Release|Any CPU.ActiveCfg = Release|Any CPU
		{11FCA775-4263-4891-8E7B-5A38825EDE89}.Release|Any CPU.Build.0 = Release|Any CPU
		{D94F0C07-C424-4AF6-AAE2-1EC96BA94930}.Debug|Any CPU.ActiveCfg = Debug|Any CPU
		{D94F0C07-C424-4AF6-AAE2-1EC96BA94930}.Debug|Any CPU.Build.0 = Debug|Any CPU
		{D94F0C07-C424-4AF6-AAE2-1EC96BA94930}.Release|Any CPU.ActiveCfg = Release|Any CPU
		{D94F0C07-C424-4AF6-AAE2-1EC96BA94930}.Release|Any CPU.Build.0 = Release|Any CPU
	EndGlobalSection
	GlobalSection(SolutionProperties) = preSolution
		HideSolutionNode = FALSE
	EndGlobalSection
	GlobalSection(ExtensibilityGlobals) = postSolution
		SolutionGuid = {1E5E2FE7-210A-4E42-B349-3D14C7529B4F}
	EndGlobalSection
EndGlobal
