
Microsoft Visual Studio Solution File, Format Version 12.00
# Visual Studio 15
VisualStudioVersion = 15.0.28307.329
MinimumVisualStudioVersion = 10.0.40219.1
Project("{FAE04EC0-301F-11D3-BF4B-00C04F79EFBC}") = "01. Reverse Strings", "01. Reverse Strings\01. Reverse Strings.csproj", "{F07DC1F6-0164-474C-8D45-05900EC03FC4}"
EndProject
Project("{FAE04EC0-301F-11D3-BF4B-00C04F79EFBC}") = "02. Repeat Strings", "02. Repeat Strings\02. Repeat Strings.csproj", "{1AA24D9A-021A-4848-86AC-26ED79F71672}"
EndProject
Project("{FAE04EC0-301F-11D3-BF4B-00C04F79EFBC}") = "03. Substring", "03. Substring\03. Substring.csproj", "{2F13784A-259A-4E10-B4EB-D6CF81326763}"
EndProject
Project("{FAE04EC0-301F-11D3-BF4B-00C04F79EFBC}") = "04. Text Filter", "04. Text Filter\04. Text Filter.csproj", "{DF05F48E-0FCC-4644-84ED-1D5DAFEA3383}"
EndProject
Project("{FAE04EC0-301F-11D3-BF4B-00C04F79EFBC}") = "05. Digits, Letters and Other", "05. Digits, Letters and Other\05. Digits, Letters and Other.csproj", "{580FC1D6-4599-4D30-B9FA-723B7D0B32BA}"
EndProject
Project("{FAE04EC0-301F-11D3-BF4B-00C04F79EFBC}") = "06. Match Full Name", "06. Match Full Name\06. Match Full Name.csproj", "{ABD9FC12-097F-4C8E-8D95-7E5432DC7FB0}"
EndProject
Project("{FAE04EC0-301F-11D3-BF4B-00C04F79EFBC}") = "07. Match Dates", "07. Match Dates\07. Match Dates.csproj", "{2022EADE-5002-4523-8F41-824EA9EF4239}"
EndProject
Project("{FAE04EC0-301F-11D3-BF4B-00C04F79EFBC}") = "08. Match Phone Number", "08. Match Phone Number\08. Match Phone Number.csproj", "{03F77E04-2958-4C8B-9C94-11AC859B6CED}"
EndProject
Global
	GlobalSection(SolutionConfigurationPlatforms) = preSolution
		Debug|Any CPU = Debug|Any CPU
		Release|Any CPU = Release|Any CPU
	EndGlobalSection
	GlobalSection(ProjectConfigurationPlatforms) = postSolution
		{F07DC1F6-0164-474C-8D45-05900EC03FC4}.Debug|Any CPU.ActiveCfg = Debug|Any CPU
		{F07DC1F6-0164-474C-8D45-05900EC03FC4}.Debug|Any CPU.Build.0 = Debug|Any CPU
		{F07DC1F6-0164-474C-8D45-05900EC03FC4}.Release|Any CPU.ActiveCfg = Release|Any CPU
		{F07DC1F6-0164-474C-8D45-05900EC03FC4}.Release|Any CPU.Build.0 = Release|Any CPU
		{1AA24D9A-021A-4848-86AC-26ED79F71672}.Debug|Any CPU.ActiveCfg = Debug|Any CPU
		{1AA24D9A-021A-4848-86AC-26ED79F71672}.Debug|Any CPU.Build.0 = Debug|Any CPU
		{1AA24D9A-021A-4848-86AC-26ED79F71672}.Release|Any CPU.ActiveCfg = Release|Any CPU
		{1AA24D9A-021A-4848-86AC-26ED79F71672}.Release|Any CPU.Build.0 = Release|Any CPU
		{2F13784A-259A-4E10-B4EB-D6CF81326763}.Debug|Any CPU.ActiveCfg = Debug|Any CPU
		{2F13784A-259A-4E10-B4EB-D6CF81326763}.Debug|Any CPU.Build.0 = Debug|Any CPU
		{2F13784A-259A-4E10-B4EB-D6CF81326763}.Release|Any CPU.ActiveCfg = Release|Any CPU
		{2F13784A-259A-4E10-B4EB-D6CF81326763}.Release|Any CPU.Build.0 = Release|Any CPU
		{DF05F48E-0FCC-4644-84ED-1D5DAFEA3383}.Debug|Any CPU.ActiveCfg = Debug|Any CPU
		{DF05F48E-0FCC-4644-84ED-1D5DAFEA3383}.Debug|Any CPU.Build.0 = Debug|Any CPU
		{DF05F48E-0FCC-4644-84ED-1D5DAFEA3383}.Release|Any CPU.ActiveCfg = Release|Any CPU
		{DF05F48E-0FCC-4644-84ED-1D5DAFEA3383}.Release|Any CPU.Build.0 = Release|Any CPU
		{580FC1D6-4599-4D30-B9FA-723B7D0B32BA}.Debug|Any CPU.ActiveCfg = Debug|Any CPU
		{580FC1D6-4599-4D30-B9FA-723B7D0B32BA}.Debug|Any CPU.Build.0 = Debug|Any CPU
		{580FC1D6-4599-4D30-B9FA-723B7D0B32BA}.Release|Any CPU.ActiveCfg = Release|Any CPU
		{580FC1D6-4599-4D30-B9FA-723B7D0B32BA}.Release|Any CPU.Build.0 = Release|Any CPU
		{ABD9FC12-097F-4C8E-8D95-7E5432DC7FB0}.Debug|Any CPU.ActiveCfg = Debug|Any CPU
		{ABD9FC12-097F-4C8E-8D95-7E5432DC7FB0}.Debug|Any CPU.Build.0 = Debug|Any CPU
		{ABD9FC12-097F-4C8E-8D95-7E5432DC7FB0}.Release|Any CPU.ActiveCfg = Release|Any CPU
		{ABD9FC12-097F-4C8E-8D95-7E5432DC7FB0}.Release|Any CPU.Build.0 = Release|Any CPU
		{2022EADE-5002-4523-8F41-824EA9EF4239}.Debug|Any CPU.ActiveCfg = Debug|Any CPU
		{2022EADE-5002-4523-8F41-824EA9EF4239}.Debug|Any CPU.Build.0 = Debug|Any CPU
		{2022EADE-5002-4523-8F41-824EA9EF4239}.Release|Any CPU.ActiveCfg = Release|Any CPU
		{2022EADE-5002-4523-8F41-824EA9EF4239}.Release|Any CPU.Build.0 = Release|Any CPU
		{03F77E04-2958-4C8B-9C94-11AC859B6CED}.Debug|Any CPU.ActiveCfg = Debug|Any CPU
		{03F77E04-2958-4C8B-9C94-11AC859B6CED}.Debug|Any CPU.Build.0 = Debug|Any CPU
		{03F77E04-2958-4C8B-9C94-11AC859B6CED}.Release|Any CPU.ActiveCfg = Release|Any CPU
		{03F77E04-2958-4C8B-9C94-11AC859B6CED}.Release|Any CPU.Build.0 = Release|Any CPU
	EndGlobalSection
	GlobalSection(SolutionProperties) = preSolution
		HideSolutionNode = FALSE
	EndGlobalSection
	GlobalSection(ExtensibilityGlobals) = postSolution
		SolutionGuid = {BE163336-575C-481F-8966-27515542A622}
	EndGlobalSection
EndGlobal
